// !$*UTF8*$!
{
	archiveVersion = 1;
	classes = {
	};
	objectVersion = 46;
	objects = {

/* Begin PBXBuildFile section */
		400768321F85FF930047DB07 /* MView.m in Sources */ = {isa = PBXBuildFile; fileRef = 400768311F85FF930047DB07 /* MView.m */; };
		400768341F8670B40047DB07 /* shaderDefaultV.vsh in Resources */ = {isa = PBXBuildFile; fileRef = 400768331F8670B40047DB07 /* shaderDefaultV.vsh */; };
		400768361F8670C50047DB07 /* shaderDefaultF.fsh in Resources */ = {isa = PBXBuildFile; fileRef = 400768351F8670C50047DB07 /* shaderDefaultF.fsh */; };
		400768381F86750C0047DB07 /* shaderTransformF.fsh in Resources */ = {isa = PBXBuildFile; fileRef = 400768371F86750C0047DB07 /* shaderTransformF.fsh */; };
		4007683A1F86752C0047DB07 /* shaderTransformV.vsh in Resources */ = {isa = PBXBuildFile; fileRef = 400768391F86752C0047DB07 /* shaderTransformV.vsh */; };
		4007CD081F64D439002C6E5A /* HViewController.m in Sources */ = {isa = PBXBuildFile; fileRef = 4007CD061F64D439002C6E5A /* HViewController.m */; };
		4007CD091F64D439002C6E5A /* HViewController.xib in Resources */ = {isa = PBXBuildFile; fileRef = 4007CD071F64D439002C6E5A /* HViewController.xib */; };
		400BD1171F84D2250049C75C /* MViewController.m in Sources */ = {isa = PBXBuildFile; fileRef = 400BD1161F84D2250049C75C /* MViewController.m */; };
		400BD1191F84D2590049C75C /* MshaderV.vsh in Resources */ = {isa = PBXBuildFile; fileRef = 400BD1181F84D2590049C75C /* MshaderV.vsh */; };
		400BD11B1F84D2670049C75C /* MshaderF.fsh in Resources */ = {isa = PBXBuildFile; fileRef = 400BD11A1F84D2670049C75C /* MshaderF.fsh */; };
		400FC98E1F933DA50094B38F /* AGLKCollision.m in Sources */ = {isa = PBXBuildFile; fileRef = 400FC9721F933DA50094B38F /* AGLKCollision.m */; };
		400FC98F1F933DA50094B38F /* AGLKContext.m in Sources */ = {isa = PBXBuildFile; fileRef = 400FC9741F933DA50094B38F /* AGLKContext.m */; };
		400FC9901F933DA50094B38F /* AGLKFilters.m in Sources */ = {isa = PBXBuildFile; fileRef = 400FC9761F933DA50094B38F /* AGLKFilters.m */; };
		400FC9911F933DA50094B38F /* AGLKFrustum.m in Sources */ = {isa = PBXBuildFile; fileRef = 400FC9781F933DA50094B38F /* AGLKFrustum.m */; };
		400FC9921F933DA50094B38F /* AGLKPointParticleEffect.m in Sources */ = {isa = PBXBuildFile; fileRef = 400FC97A1F933DA50094B38F /* AGLKPointParticleEffect.m */; };
		400FC9931F933DA50094B38F /* AGLKSkyboxEffect.m in Sources */ = {isa = PBXBuildFile; fileRef = 400FC97C1F933DA50094B38F /* AGLKSkyboxEffect.m */; };
		400FC9941F933DA50094B38F /* AGLKTextureLoader.m in Sources */ = {isa = PBXBuildFile; fileRef = 400FC97E1F933DA50094B38F /* AGLKTextureLoader.m */; };
		400FC9951F933DA50094B38F /* AGLKTextureTransformBaseEffect.m in Sources */ = {isa = PBXBuildFile; fileRef = 400FC9801F933DA50094B38F /* AGLKTextureTransformBaseEffect.m */; };
		400FC9961F933DA50094B38F /* AGLKVertexAttribArrayBuffer.m in Sources */ = {isa = PBXBuildFile; fileRef = 400FC9821F933DA50094B38F /* AGLKVertexAttribArrayBuffer.m */; };
		400FC9971F933DA50094B38F /* AGLKView.m in Sources */ = {isa = PBXBuildFile; fileRef = 400FC9841F933DA50094B38F /* AGLKView.m */; };
		400FC9981F933DA50094B38F /* AGLKViewController.m in Sources */ = {isa = PBXBuildFile; fileRef = 400FC9861F933DA50094B38F /* AGLKViewController.m */; };
		400FC9991F933DA50094B38F /* AGLKPointParticleShader.fsh in Resources */ = {isa = PBXBuildFile; fileRef = 400FC9881F933DA50094B38F /* AGLKPointParticleShader.fsh */; };
		400FC99A1F933DA50094B38F /* AGLKPointParticleShader.vsh in Resources */ = {isa = PBXBuildFile; fileRef = 400FC9891F933DA50094B38F /* AGLKPointParticleShader.vsh */; };
		400FC99B1F933DA50094B38F /* AGLKSkyboxShader.fsh in Resources */ = {isa = PBXBuildFile; fileRef = 400FC98A1F933DA50094B38F /* AGLKSkyboxShader.fsh */; };
		400FC99C1F933DA50094B38F /* AGLKSkyboxShader.vsh in Resources */ = {isa = PBXBuildFile; fileRef = 400FC98B1F933DA50094B38F /* AGLKSkyboxShader.vsh */; };
		400FC99D1F933DA50094B38F /* AGLKTextureMatrix2PointLightShader.fsh in Resources */ = {isa = PBXBuildFile; fileRef = 400FC98C1F933DA50094B38F /* AGLKTextureMatrix2PointLightShader.fsh */; };
		400FC99E1F933DA50094B38F /* AGLKTextureMatrix2PointLightShader.vsh in Resources */ = {isa = PBXBuildFile; fileRef = 400FC98D1F933DA50094B38F /* AGLKTextureMatrix2PointLightShader.vsh */; };
		4014FD981F923BF300903278 /* shaderLPerspectiveV.vsh in Resources */ = {isa = PBXBuildFile; fileRef = 4014FD971F923BF300903278 /* shaderLPerspectiveV.vsh */; };
		4014FD9A1F923C0900903278 /* shaderLPerspectiveF.fsh in Resources */ = {isa = PBXBuildFile; fileRef = 4014FD991F923C0900903278 /* shaderLPerspectiveF.fsh */; };
		401AADAA1F932C9000D81C77 /* OViewController.m in Sources */ = {isa = PBXBuildFile; fileRef = 401AADA91F932C9000D81C77 /* OViewController.m */; };
		401AADAD1F932CAC00D81C77 /* OView.m in Sources */ = {isa = PBXBuildFile; fileRef = 401AADAC1F932CAC00D81C77 /* OView.m */; };
		404C33561F7D3CF9002BDF32 /* shaderv2.vsh in Resources */ = {isa = PBXBuildFile; fileRef = 404C33551F7D3CF9002BDF32 /* shaderv2.vsh */; };
		404C33581F7D3D0C002BDF32 /* shaderf2.fsh in Resources */ = {isa = PBXBuildFile; fileRef = 404C33571F7D3D0C002BDF32 /* shaderf2.fsh */; };
		840167371F6BD2DD008FB775 /* JViewController.m in Sources */ = {isa = PBXBuildFile; fileRef = 840167361F6BD2DD008FB775 /* JViewController.m */; };
		84071B621F5F8F24004F9CA8 /* CViewController.m in Sources */ = {isa = PBXBuildFile; fileRef = 84071B611F5F8F24004F9CA8 /* CViewController.m */; };
		84071B641F5F989F004F9CA8 /* grid.png in Resources */ = {isa = PBXBuildFile; fileRef = 84071B631F5F989F004F9CA8 /* grid.png */; };
		84071B671F5FAA2E004F9CA8 /* DViewController.m in Sources */ = {isa = PBXBuildFile; fileRef = 84071B661F5FAA2E004F9CA8 /* DViewController.m */; };
		84379B8C1F62215400D1F6EF /* EViewController.m in Sources */ = {isa = PBXBuildFile; fileRef = 84379B8B1F62215400D1F6EF /* EViewController.m */; };
		84379B8F1F6223AB00D1F6EF /* FViewController.swift in Sources */ = {isa = PBXBuildFile; fileRef = 84379B8E1F6223AB00D1F6EF /* FViewController.swift */; };
		84379B931F62309100D1F6EF /* GViewController.swift in Sources */ = {isa = PBXBuildFile; fileRef = 84379B921F62309100D1F6EF /* GViewController.swift */; };
		843F6DE61F4FF7DB00F9FBA4 /* AViewController.m in Sources */ = {isa = PBXBuildFile; fileRef = 843F6DE51F4FF7DB00F9FBA4 /* AViewController.m */; };
		844318461F6B877E00799E00 /* IViewController.m in Sources */ = {isa = PBXBuildFile; fileRef = 844318451F6B877E00799E00 /* IViewController.m */; };
		844FBA721F7F2CFC0051425F /* GLProgram.m in Sources */ = {isa = PBXBuildFile; fileRef = 844FBA701F7F2CFB0051425F /* GLProgram.m */; };
		844FBA751F7F2DC20051425F /* LViewController.m in Sources */ = {isa = PBXBuildFile; fileRef = 844FBA741F7F2DC20051425F /* LViewController.m */; };
		844FBA791F7F2DE10051425F /* LView.m in Sources */ = {isa = PBXBuildFile; fileRef = 844FBA781F7F2DE10051425F /* LView.m */; };
		844FBA7B1F7F855B0051425F /* LshaderNormal.vsh in Resources */ = {isa = PBXBuildFile; fileRef = 844FBA7A1F7F855B0051425F /* LshaderNormal.vsh */; };
		844FBA7D1F7F85670051425F /* LshaderNormal.fsh in Resources */ = {isa = PBXBuildFile; fileRef = 844FBA7C1F7F85670051425F /* LshaderNormal.fsh */; };
		84570CE61F8B406B00675428 /* 28782016071512052157402710.jpg in Resources */ = {isa = PBXBuildFile; fileRef = 84570CDA1F8B406900675428 /* 28782016071512052157402710.jpg */; };
		84570CE71F8B406B00675428 /* 24472016071513372170498279.png in Resources */ = {isa = PBXBuildFile; fileRef = 84570CDB1F8B406900675428 /* 24472016071513372170498279.png */; };
		84570CE81F8B406B00675428 /* 39532016071517340927252420.jpg in Resources */ = {isa = PBXBuildFile; fileRef = 84570CDC1F8B406900675428 /* 39532016071517340927252420.jpg */; };
		84570CE91F8B406B00675428 /* 16392016071512064015036483.jpg in Resources */ = {isa = PBXBuildFile; fileRef = 84570CDD1F8B406900675428 /* 16392016071512064015036483.jpg */; };
		84570CEA1F8B406B00675428 /* 62122016071513370127436018.png in Resources */ = {isa = PBXBuildFile; fileRef = 84570CDE1F8B406A00675428 /* 62122016071513370127436018.png */; };
		84570CEB1F8B406B00675428 /* 43652016103114571391967844.jpg in Resources */ = {isa = PBXBuildFile; fileRef = 84570CDF1F8B406A00675428 /* 43652016103114571391967844.jpg */; };
		84570CEC1F8B406B00675428 /* 74172016103114541791262983.jpg in Resources */ = {isa = PBXBuildFile; fileRef = 84570CE01F8B406A00675428 /* 74172016103114541791262983.jpg */; };
		84570CED1F8B406B00675428 /* 74172016103114541058969337.jpg in Resources */ = {isa = PBXBuildFile; fileRef = 84570CE11F8B406A00675428 /* 74172016103114541058969337.jpg */; };
		84570CEE1F8B406B00675428 /* 61252016103114565441911616.jpg in Resources */ = {isa = PBXBuildFile; fileRef = 84570CE21F8B406A00675428 /* 61252016103114565441911616.jpg */; };
		84570CEF1F8B406B00675428 /* 40682016071512070526937635.jpg in Resources */ = {isa = PBXBuildFile; fileRef = 84570CE31F8B406A00675428 /* 40682016071512070526937635.jpg */; };
		84570CF01F8B406B00675428 /* 15952016071513373913911529.png in Resources */ = {isa = PBXBuildFile; fileRef = 84570CE41F8B406A00675428 /* 15952016071513373913911529.png */; };
		84570CF11F8B406B00675428 /* 5011201607151733569669796.jpg in Resources */ = {isa = PBXBuildFile; fileRef = 84570CE51F8B406B00675428 /* 5011201607151733569669796.jpg */; };
		84570CF51F8B869E00675428 /* shaderAnomalyV.vsh in Resources */ = {isa = PBXBuildFile; fileRef = 84570CF41F8B869E00675428 /* shaderAnomalyV.vsh */; };
		84570CF71F8B86AF00675428 /* shaderAnomalyF.fsh in Resources */ = {isa = PBXBuildFile; fileRef = 84570CF61F8B86AF00675428 /* shaderAnomalyF.fsh */; };
		8457464C1F679C3400E8BBD2 /* UIColor+Custom.m in Sources */ = {isa = PBXBuildFile; fileRef = 8457464B1F679C3400E8BBD2 /* UIColor+Custom.m */; };
		8457464E1F67EBD500E8BBD2 /* custom.fsh in Resources */ = {isa = PBXBuildFile; fileRef = 8457464D1F67EBD500E8BBD2 /* custom.fsh */; };
		845EBB571F975640005633A4 /* NViewController.m in Sources */ = {isa = PBXBuildFile; fileRef = 845EBB561F975640005633A4 /* NViewController.m */; };
		845EBB5A1F97564E005633A4 /* NView.m in Sources */ = {isa = PBXBuildFile; fileRef = 845EBB591F97564E005633A4 /* NView.m */; };
		845FB8661F4C245100672938 /* main.m in Sources */ = {isa = PBXBuildFile; fileRef = 845FB8651F4C245100672938 /* main.m */; };
		845FB8691F4C245100672938 /* AppDelegate.m in Sources */ = {isa = PBXBuildFile; fileRef = 845FB8681F4C245100672938 /* AppDelegate.m */; };
		845FB86C1F4C245100672938 /* ViewController.m in Sources */ = {isa = PBXBuildFile; fileRef = 845FB86B1F4C245100672938 /* ViewController.m */; };
		845FB86F1F4C245100672938 /* Main.storyboard in Resources */ = {isa = PBXBuildFile; fileRef = 845FB86D1F4C245100672938 /* Main.storyboard */; };
		845FB8711F4C245100672938 /* Assets.xcassets in Resources */ = {isa = PBXBuildFile; fileRef = 845FB8701F4C245100672938 /* Assets.xcassets */; };
		845FB8741F4C245100672938 /* LaunchScreen.storyboard in Resources */ = {isa = PBXBuildFile; fileRef = 845FB8721F4C245100672938 /* LaunchScreen.storyboard */; };
		845FB87F1F4C245100672938 /* WZLearnOpenGLTests.m in Sources */ = {isa = PBXBuildFile; fileRef = 845FB87E1F4C245100672938 /* WZLearnOpenGLTests.m */; };
		845FB88A1F4C245100672938 /* WZLearnOpenGLUITests.m in Sources */ = {isa = PBXBuildFile; fileRef = 845FB8891F4C245100672938 /* WZLearnOpenGLUITests.m */; };
		846704E71F7B429600EDE946 /* KViewController.m in Sources */ = {isa = PBXBuildFile; fileRef = 846704E61F7B429600EDE946 /* KViewController.m */; };
		846704EA1F7B42A200EDE946 /* KView.m in Sources */ = {isa = PBXBuildFile; fileRef = 846704E91F7B42A200EDE946 /* KView.m */; };
		849AA3EE1F6F618F00F6E5AE /* WZOpenGLContext.m in Sources */ = {isa = PBXBuildFile; fileRef = 849AA3ED1F6F618F00F6E5AE /* WZOpenGLContext.m */; };
		849AA3F11F6F648D00F6E5AE /* WZOpenGLProgram.m in Sources */ = {isa = PBXBuildFile; fileRef = 849AA3F01F6F648D00F6E5AE /* WZOpenGLProgram.m */; };
		849AB3E71F6BA25000FB7A84 /* shaderv1.vsh in Resources */ = {isa = PBXBuildFile; fileRef = 849AB3E61F6BA25000FB7A84 /* shaderv1.vsh */; };
		849AB3E91F6BA25E00FB7A84 /* shaderf1.fsh in Resources */ = {isa = PBXBuildFile; fileRef = 849AB3E81F6BA25E00FB7A84 /* shaderf1.fsh */; };
		84A1D0AE1F7CFDD600EA43AC /* GLESMath.c in Sources */ = {isa = PBXBuildFile; fileRef = 84A1D0A81F7CFDD600EA43AC /* GLESMath.c */; };
		84A1D0AF1F7CFDD600EA43AC /* GLESUtils.m in Sources */ = {isa = PBXBuildFile; fileRef = 84A1D0AB1F7CFDD600EA43AC /* GLESUtils.m */; };
		84BACD991F5E58CE00A82E02 /* BViewController.m in Sources */ = {isa = PBXBuildFile; fileRef = 84BACD981F5E58CE00A82E02 /* BViewController.m */; };
		84BACD9C1F5E76F900A82E02 /* leaves.gif in Resources */ = {isa = PBXBuildFile; fileRef = 84BACD9B1F5E76F900A82E02 /* leaves.gif */; };
		84F7B8701F60F44F00B31DCB /* leaves2.gif in Resources */ = {isa = PBXBuildFile; fileRef = 84F7B86F1F60EFC600B31DCB /* leaves2.gif */; };
		84F7B8711F60F45B00B31DCB /* beetle.png in Resources */ = {isa = PBXBuildFile; fileRef = 84F7B86E1F60EFC600B31DCB /* beetle.png */; };
/* End PBXBuildFile section */

/* Begin PBXContainerItemProxy section */
		845FB87B1F4C245100672938 /* PBXContainerItemProxy */ = {
			isa = PBXContainerItemProxy;
			containerPortal = 845FB8591F4C245100672938 /* Project object */;
			proxyType = 1;
			remoteGlobalIDString = 845FB8601F4C245100672938;
			remoteInfo = WZLearnOpenGL;
		};
		845FB8861F4C245100672938 /* PBXContainerItemProxy */ = {
			isa = PBXContainerItemProxy;
			containerPortal = 845FB8591F4C245100672938 /* Project object */;
			proxyType = 1;
			remoteGlobalIDString = 845FB8601F4C245100672938;
			remoteInfo = WZLearnOpenGL;
		};
/* End PBXContainerItemProxy section */

/* Begin PBXFileReference section */
		400768301F85FF930047DB07 /* MView.h */ = {isa = PBXFileReference; lastKnownFileType = sourcecode.c.h; path = MView.h; sourceTree = "<group>"; };
		400768311F85FF930047DB07 /* MView.m */ = {isa = PBXFileReference; lastKnownFileType = sourcecode.c.objc; path = MView.m; sourceTree = "<group>"; };
		400768331F8670B40047DB07 /* shaderDefaultV.vsh */ = {isa = PBXFileReference; lastKnownFileType = sourcecode.glsl; path = shaderDefaultV.vsh; sourceTree = "<group>"; };
		400768351F8670C50047DB07 /* shaderDefaultF.fsh */ = {isa = PBXFileReference; lastKnownFileType = sourcecode.glsl; path = shaderDefaultF.fsh; sourceTree = "<group>"; };
		400768371F86750C0047DB07 /* shaderTransformF.fsh */ = {isa = PBXFileReference; lastKnownFileType = sourcecode.glsl; path = shaderTransformF.fsh; sourceTree = "<group>"; };
		400768391F86752C0047DB07 /* shaderTransformV.vsh */ = {isa = PBXFileReference; lastKnownFileType = sourcecode.glsl; path = shaderTransformV.vsh; sourceTree = "<group>"; };
		4007CD051F64D439002C6E5A /* HViewController.h */ = {isa = PBXFileReference; lastKnownFileType = sourcecode.c.h; path = HViewController.h; sourceTree = "<group>"; };
		4007CD061F64D439002C6E5A /* HViewController.m */ = {isa = PBXFileReference; lastKnownFileType = sourcecode.c.objc; path = HViewController.m; sourceTree = "<group>"; };
		4007CD071F64D439002C6E5A /* HViewController.xib */ = {isa = PBXFileReference; lastKnownFileType = file.xib; path = HViewController.xib; sourceTree = "<group>"; };
		400BD1151F84D2250049C75C /* MViewController.h */ = {isa = PBXFileReference; lastKnownFileType = sourcecode.c.h; path = MViewController.h; sourceTree = "<group>"; };
		400BD1161F84D2250049C75C /* MViewController.m */ = {isa = PBXFileReference; lastKnownFileType = sourcecode.c.objc; path = MViewController.m; sourceTree = "<group>"; };
		400BD1181F84D2590049C75C /* MshaderV.vsh */ = {isa = PBXFileReference; lastKnownFileType = sourcecode.glsl; path = MshaderV.vsh; sourceTree = "<group>"; };
		400BD11A1F84D2670049C75C /* MshaderF.fsh */ = {isa = PBXFileReference; lastKnownFileType = sourcecode.glsl; path = MshaderF.fsh; sourceTree = "<group>"; };
		400FC9701F933DA50094B38F /* AGLKAxisAllignedBoundingBox.h */ = {isa = PBXFileReference; fileEncoding = 4; lastKnownFileType = sourcecode.c.h; path = AGLKAxisAllignedBoundingBox.h; sourceTree = "<group>"; };
		400FC9711F933DA50094B38F /* AGLKCollision.h */ = {isa = PBXFileReference; fileEncoding = 4; lastKnownFileType = sourcecode.c.h; path = AGLKCollision.h; sourceTree = "<group>"; };
		400FC9721F933DA50094B38F /* AGLKCollision.m */ = {isa = PBXFileReference; fileEncoding = 4; lastKnownFileType = sourcecode.c.objc; path = AGLKCollision.m; sourceTree = "<group>"; };
		400FC9731F933DA50094B38F /* AGLKContext.h */ = {isa = PBXFileReference; fileEncoding = 4; lastKnownFileType = sourcecode.c.h; path = AGLKContext.h; sourceTree = "<group>"; };
		400FC9741F933DA50094B38F /* AGLKContext.m */ = {isa = PBXFileReference; fileEncoding = 4; lastKnownFileType = sourcecode.c.objc; path = AGLKContext.m; sourceTree = "<group>"; };
		400FC9751F933DA50094B38F /* AGLKFilters.h */ = {isa = PBXFileReference; fileEncoding = 4; lastKnownFileType = sourcecode.c.h; path = AGLKFilters.h; sourceTree = "<group>"; };
		400FC9761F933DA50094B38F /* AGLKFilters.m */ = {isa = PBXFileReference; fileEncoding = 4; lastKnownFileType = sourcecode.c.objc; path = AGLKFilters.m; sourceTree = "<group>"; };
		400FC9771F933DA50094B38F /* AGLKFrustum.h */ = {isa = PBXFileReference; fileEncoding = 4; lastKnownFileType = sourcecode.c.h; path = AGLKFrustum.h; sourceTree = "<group>"; };
		400FC9781F933DA50094B38F /* AGLKFrustum.m */ = {isa = PBXFileReference; fileEncoding = 4; lastKnownFileType = sourcecode.c.objc; path = AGLKFrustum.m; sourceTree = "<group>"; };
		400FC9791F933DA50094B38F /* AGLKPointParticleEffect.h */ = {isa = PBXFileReference; fileEncoding = 4; lastKnownFileType = sourcecode.c.h; path = AGLKPointParticleEffect.h; sourceTree = "<group>"; };
		400FC97A1F933DA50094B38F /* AGLKPointParticleEffect.m */ = {isa = PBXFileReference; fileEncoding = 4; lastKnownFileType = sourcecode.c.objc; path = AGLKPointParticleEffect.m; sourceTree = "<group>"; };
		400FC97B1F933DA50094B38F /* AGLKSkyboxEffect.h */ = {isa = PBXFileReference; fileEncoding = 4; lastKnownFileType = sourcecode.c.h; path = AGLKSkyboxEffect.h; sourceTree = "<group>"; };
		400FC97C1F933DA50094B38F /* AGLKSkyboxEffect.m */ = {isa = PBXFileReference; fileEncoding = 4; lastKnownFileType = sourcecode.c.objc; path = AGLKSkyboxEffect.m; sourceTree = "<group>"; };
		400FC97D1F933DA50094B38F /* AGLKTextureLoader.h */ = {isa = PBXFileReference; fileEncoding = 4; lastKnownFileType = sourcecode.c.h; path = AGLKTextureLoader.h; sourceTree = "<group>"; };
		400FC97E1F933DA50094B38F /* AGLKTextureLoader.m */ = {isa = PBXFileReference; fileEncoding = 4; lastKnownFileType = sourcecode.c.objc; path = AGLKTextureLoader.m; sourceTree = "<group>"; };
		400FC97F1F933DA50094B38F /* AGLKTextureTransformBaseEffect.h */ = {isa = PBXFileReference; fileEncoding = 4; lastKnownFileType = sourcecode.c.h; path = AGLKTextureTransformBaseEffect.h; sourceTree = "<group>"; };
		400FC9801F933DA50094B38F /* AGLKTextureTransformBaseEffect.m */ = {isa = PBXFileReference; fileEncoding = 4; lastKnownFileType = sourcecode.c.objc; path = AGLKTextureTransformBaseEffect.m; sourceTree = "<group>"; };
		400FC9811F933DA50094B38F /* AGLKVertexAttribArrayBuffer.h */ = {isa = PBXFileReference; fileEncoding = 4; lastKnownFileType = sourcecode.c.h; path = AGLKVertexAttribArrayBuffer.h; sourceTree = "<group>"; };
		400FC9821F933DA50094B38F /* AGLKVertexAttribArrayBuffer.m */ = {isa = PBXFileReference; fileEncoding = 4; lastKnownFileType = sourcecode.c.objc; path = AGLKVertexAttribArrayBuffer.m; sourceTree = "<group>"; };
		400FC9831F933DA50094B38F /* AGLKView.h */ = {isa = PBXFileReference; fileEncoding = 4; lastKnownFileType = sourcecode.c.h; path = AGLKView.h; sourceTree = "<group>"; };
		400FC9841F933DA50094B38F /* AGLKView.m */ = {isa = PBXFileReference; fileEncoding = 4; lastKnownFileType = sourcecode.c.objc; path = AGLKView.m; sourceTree = "<group>"; };
		400FC9851F933DA50094B38F /* AGLKViewController.h */ = {isa = PBXFileReference; fileEncoding = 4; lastKnownFileType = sourcecode.c.h; path = AGLKViewController.h; sourceTree = "<group>"; };
		400FC9861F933DA50094B38F /* AGLKViewController.m */ = {isa = PBXFileReference; fileEncoding = 4; lastKnownFileType = sourcecode.c.objc; path = AGLKViewController.m; sourceTree = "<group>"; };
		400FC9881F933DA50094B38F /* AGLKPointParticleShader.fsh */ = {isa = PBXFileReference; fileEncoding = 4; lastKnownFileType = sourcecode.glsl; path = AGLKPointParticleShader.fsh; sourceTree = "<group>"; };
		400FC9891F933DA50094B38F /* AGLKPointParticleShader.vsh */ = {isa = PBXFileReference; fileEncoding = 4; lastKnownFileType = sourcecode.glsl; path = AGLKPointParticleShader.vsh; sourceTree = "<group>"; };
		400FC98A1F933DA50094B38F /* AGLKSkyboxShader.fsh */ = {isa = PBXFileReference; fileEncoding = 4; lastKnownFileType = sourcecode.glsl; path = AGLKSkyboxShader.fsh; sourceTree = "<group>"; };
		400FC98B1F933DA50094B38F /* AGLKSkyboxShader.vsh */ = {isa = PBXFileReference; fileEncoding = 4; lastKnownFileType = sourcecode.glsl; path = AGLKSkyboxShader.vsh; sourceTree = "<group>"; };
		400FC98C1F933DA50094B38F /* AGLKTextureMatrix2PointLightShader.fsh */ = {isa = PBXFileReference; fileEncoding = 4; lastKnownFileType = sourcecode.glsl; path = AGLKTextureMatrix2PointLightShader.fsh; sourceTree = "<group>"; };
		400FC98D1F933DA50094B38F /* AGLKTextureMatrix2PointLightShader.vsh */ = {isa = PBXFileReference; fileEncoding = 4; lastKnownFileType = sourcecode.glsl; path = AGLKTextureMatrix2PointLightShader.vsh; sourceTree = "<group>"; };
		4014FD971F923BF300903278 /* shaderLPerspectiveV.vsh */ = {isa = PBXFileReference; lastKnownFileType = sourcecode.glsl; path = shaderLPerspectiveV.vsh; sourceTree = "<group>"; };
		4014FD991F923C0900903278 /* shaderLPerspectiveF.fsh */ = {isa = PBXFileReference; lastKnownFileType = sourcecode.glsl; path = shaderLPerspectiveF.fsh; sourceTree = "<group>"; };
		401AADA81F932C9000D81C77 /* OViewController.h */ = {isa = PBXFileReference; lastKnownFileType = sourcecode.c.h; path = OViewController.h; sourceTree = "<group>"; };
		401AADA91F932C9000D81C77 /* OViewController.m */ = {isa = PBXFileReference; lastKnownFileType = sourcecode.c.objc; path = OViewController.m; sourceTree = "<group>"; };
		401AADAB1F932CAC00D81C77 /* OView.h */ = {isa = PBXFileReference; lastKnownFileType = sourcecode.c.h; path = OView.h; sourceTree = "<group>"; };
		401AADAC1F932CAC00D81C77 /* OView.m */ = {isa = PBXFileReference; lastKnownFileType = sourcecode.c.objc; path = OView.m; sourceTree = "<group>"; };
		404C33551F7D3CF9002BDF32 /* shaderv2.vsh */ = {isa = PBXFileReference; lastKnownFileType = sourcecode.glsl; path = shaderv2.vsh; sourceTree = "<group>"; };
		404C33571F7D3D0C002BDF32 /* shaderf2.fsh */ = {isa = PBXFileReference; lastKnownFileType = sourcecode.glsl; path = shaderf2.fsh; sourceTree = "<group>"; };
		840167351F6BD2DD008FB775 /* JViewController.h */ = {isa = PBXFileReference; lastKnownFileType = sourcecode.c.h; path = JViewController.h; sourceTree = "<group>"; };
		840167361F6BD2DD008FB775 /* JViewController.m */ = {isa = PBXFileReference; lastKnownFileType = sourcecode.c.objc; path = JViewController.m; sourceTree = "<group>"; };
		84071B601F5F8F24004F9CA8 /* CViewController.h */ = {isa = PBXFileReference; lastKnownFileType = sourcecode.c.h; path = CViewController.h; sourceTree = "<group>"; };
		84071B611F5F8F24004F9CA8 /* CViewController.m */ = {isa = PBXFileReference; lastKnownFileType = sourcecode.c.objc; path = CViewController.m; sourceTree = "<group>"; };
		84071B631F5F989F004F9CA8 /* grid.png */ = {isa = PBXFileReference; lastKnownFileType = image.png; path = grid.png; sourceTree = "<group>"; };
		84071B651F5FAA2E004F9CA8 /* DViewController.h */ = {isa = PBXFileReference; lastKnownFileType = sourcecode.c.h; path = DViewController.h; sourceTree = "<group>"; };
		84071B661F5FAA2E004F9CA8 /* DViewController.m */ = {isa = PBXFileReference; lastKnownFileType = sourcecode.c.objc; path = DViewController.m; sourceTree = "<group>"; };
		84379B8A1F62215400D1F6EF /* EViewController.h */ = {isa = PBXFileReference; lastKnownFileType = sourcecode.c.h; path = EViewController.h; sourceTree = "<group>"; };
		84379B8B1F62215400D1F6EF /* EViewController.m */ = {isa = PBXFileReference; lastKnownFileType = sourcecode.c.objc; path = EViewController.m; sourceTree = "<group>"; };
		84379B8D1F6223AB00D1F6EF /* WZLearnOpenGL-Bridging-Header.h */ = {isa = PBXFileReference; lastKnownFileType = sourcecode.c.h; path = "WZLearnOpenGL-Bridging-Header.h"; sourceTree = "<group>"; };
		84379B8E1F6223AB00D1F6EF /* FViewController.swift */ = {isa = PBXFileReference; lastKnownFileType = sourcecode.swift; path = FViewController.swift; sourceTree = "<group>"; };
		84379B921F62309100D1F6EF /* GViewController.swift */ = {isa = PBXFileReference; lastKnownFileType = sourcecode.swift; path = GViewController.swift; sourceTree = "<group>"; };
		843F6DE41F4FF7DB00F9FBA4 /* AViewController.h */ = {isa = PBXFileReference; fileEncoding = 4; lastKnownFileType = sourcecode.c.h; path = AViewController.h; sourceTree = "<group>"; };
		843F6DE51F4FF7DB00F9FBA4 /* AViewController.m */ = {isa = PBXFileReference; fileEncoding = 4; lastKnownFileType = sourcecode.c.objc; path = AViewController.m; sourceTree = "<group>"; };
		844318441F6B877E00799E00 /* IViewController.h */ = {isa = PBXFileReference; fileEncoding = 4; lastKnownFileType = sourcecode.c.h; path = IViewController.h; sourceTree = "<group>"; };
		844318451F6B877E00799E00 /* IViewController.m */ = {isa = PBXFileReference; fileEncoding = 4; lastKnownFileType = sourcecode.c.objc; path = IViewController.m; sourceTree = "<group>"; };
		844FBA701F7F2CFB0051425F /* GLProgram.m */ = {isa = PBXFileReference; fileEncoding = 4; lastKnownFileType = sourcecode.c.objc; path = GLProgram.m; sourceTree = "<group>"; };
		844FBA711F7F2CFC0051425F /* GLProgram.h */ = {isa = PBXFileReference; fileEncoding = 4; lastKnownFileType = sourcecode.c.h; path = GLProgram.h; sourceTree = "<group>"; };
		844FBA731F7F2DC20051425F /* LViewController.h */ = {isa = PBXFileReference; lastKnownFileType = sourcecode.c.h; path = LViewController.h; sourceTree = "<group>"; };
		844FBA741F7F2DC20051425F /* LViewController.m */ = {isa = PBXFileReference; lastKnownFileType = sourcecode.c.objc; path = LViewController.m; sourceTree = "<group>"; };
		844FBA771F7F2DE10051425F /* LView.h */ = {isa = PBXFileReference; lastKnownFileType = sourcecode.c.h; path = LView.h; sourceTree = "<group>"; };
		844FBA781F7F2DE10051425F /* LView.m */ = {isa = PBXFileReference; lastKnownFileType = sourcecode.c.objc; path = LView.m; sourceTree = "<group>"; };
		844FBA7A1F7F855B0051425F /* LshaderNormal.vsh */ = {isa = PBXFileReference; lastKnownFileType = sourcecode.glsl; path = LshaderNormal.vsh; sourceTree = "<group>"; };
		844FBA7C1F7F85670051425F /* LshaderNormal.fsh */ = {isa = PBXFileReference; lastKnownFileType = sourcecode.glsl; path = LshaderNormal.fsh; sourceTree = "<group>"; };
		84570CDA1F8B406900675428 /* 28782016071512052157402710.jpg */ = {isa = PBXFileReference; lastKnownFileType = image.jpeg; path = 28782016071512052157402710.jpg; sourceTree = "<group>"; };
		84570CDB1F8B406900675428 /* 24472016071513372170498279.png */ = {isa = PBXFileReference; lastKnownFileType = image.png; path = 24472016071513372170498279.png; sourceTree = "<group>"; };
		84570CDC1F8B406900675428 /* 39532016071517340927252420.jpg */ = {isa = PBXFileReference; lastKnownFileType = image.jpeg; path = 39532016071517340927252420.jpg; sourceTree = "<group>"; };
		84570CDD1F8B406900675428 /* 16392016071512064015036483.jpg */ = {isa = PBXFileReference; lastKnownFileType = image.jpeg; path = 16392016071512064015036483.jpg; sourceTree = "<group>"; };
		84570CDE1F8B406A00675428 /* 62122016071513370127436018.png */ = {isa = PBXFileReference; lastKnownFileType = image.png; path = 62122016071513370127436018.png; sourceTree = "<group>"; };
		84570CDF1F8B406A00675428 /* 43652016103114571391967844.jpg */ = {isa = PBXFileReference; lastKnownFileType = image.jpeg; path = 43652016103114571391967844.jpg; sourceTree = "<group>"; };
		84570CE01F8B406A00675428 /* 74172016103114541791262983.jpg */ = {isa = PBXFileReference; lastKnownFileType = image.jpeg; path = 74172016103114541791262983.jpg; sourceTree = "<group>"; };
		84570CE11F8B406A00675428 /* 74172016103114541058969337.jpg */ = {isa = PBXFileReference; lastKnownFileType = image.jpeg; path = 74172016103114541058969337.jpg; sourceTree = "<group>"; };
		84570CE21F8B406A00675428 /* 61252016103114565441911616.jpg */ = {isa = PBXFileReference; lastKnownFileType = image.jpeg; path = 61252016103114565441911616.jpg; sourceTree = "<group>"; };
		84570CE31F8B406A00675428 /* 40682016071512070526937635.jpg */ = {isa = PBXFileReference; lastKnownFileType = image.jpeg; path = 40682016071512070526937635.jpg; sourceTree = "<group>"; };
		84570CE41F8B406A00675428 /* 15952016071513373913911529.png */ = {isa = PBXFileReference; lastKnownFileType = image.png; path = 15952016071513373913911529.png; sourceTree = "<group>"; };
		84570CE51F8B406B00675428 /* 5011201607151733569669796.jpg */ = {isa = PBXFileReference; lastKnownFileType = image.jpeg; path = 5011201607151733569669796.jpg; sourceTree = "<group>"; };
		84570CF41F8B869E00675428 /* shaderAnomalyV.vsh */ = {isa = PBXFileReference; lastKnownFileType = sourcecode.glsl; path = shaderAnomalyV.vsh; sourceTree = "<group>"; };
		84570CF61F8B86AF00675428 /* shaderAnomalyF.fsh */ = {isa = PBXFileReference; lastKnownFileType = sourcecode.glsl; path = shaderAnomalyF.fsh; sourceTree = "<group>"; };
		845746401F678DC800E8BBD2 /* custom.vsh */ = {isa = PBXFileReference; lastKnownFileType = sourcecode.glsl; path = custom.vsh; sourceTree = "<group>"; };
		8457464A1F679C3400E8BBD2 /* UIColor+Custom.h */ = {isa = PBXFileReference; lastKnownFileType = sourcecode.c.h; path = "UIColor+Custom.h"; sourceTree = "<group>"; };
		8457464B1F679C3400E8BBD2 /* UIColor+Custom.m */ = {isa = PBXFileReference; lastKnownFileType = sourcecode.c.objc; path = "UIColor+Custom.m"; sourceTree = "<group>"; };
		8457464D1F67EBD500E8BBD2 /* custom.fsh */ = {isa = PBXFileReference; lastKnownFileType = sourcecode.glsl; path = custom.fsh; sourceTree = "<group>"; };
		845EBB551F975640005633A4 /* NViewController.h */ = {isa = PBXFileReference; lastKnownFileType = sourcecode.c.h; path = NViewController.h; sourceTree = "<group>"; };
		845EBB561F975640005633A4 /* NViewController.m */ = {isa = PBXFileReference; lastKnownFileType = sourcecode.c.objc; path = NViewController.m; sourceTree = "<group>"; };
		845EBB581F97564E005633A4 /* NView.h */ = {isa = PBXFileReference; lastKnownFileType = sourcecode.c.h; path = NView.h; sourceTree = "<group>"; };
		845EBB591F97564E005633A4 /* NView.m */ = {isa = PBXFileReference; lastKnownFileType = sourcecode.c.objc; path = NView.m; sourceTree = "<group>"; };
		845FB8611F4C245100672938 /* WZLearnOpenGL.app */ = {isa = PBXFileReference; explicitFileType = wrapper.application; includeInIndex = 0; path = WZLearnOpenGL.app; sourceTree = BUILT_PRODUCTS_DIR; };
		845FB8651F4C245100672938 /* main.m */ = {isa = PBXFileReference; lastKnownFileType = sourcecode.c.objc; path = main.m; sourceTree = "<group>"; };
		845FB8671F4C245100672938 /* AppDelegate.h */ = {isa = PBXFileReference; lastKnownFileType = sourcecode.c.h; path = AppDelegate.h; sourceTree = "<group>"; };
		845FB8681F4C245100672938 /* AppDelegate.m */ = {isa = PBXFileReference; lastKnownFileType = sourcecode.c.objc; path = AppDelegate.m; sourceTree = "<group>"; };
		845FB86A1F4C245100672938 /* ViewController.h */ = {isa = PBXFileReference; lastKnownFileType = sourcecode.c.h; path = ViewController.h; sourceTree = "<group>"; };
		845FB86B1F4C245100672938 /* ViewController.m */ = {isa = PBXFileReference; lastKnownFileType = sourcecode.c.objc; path = ViewController.m; sourceTree = "<group>"; };
		845FB86E1F4C245100672938 /* Base */ = {isa = PBXFileReference; lastKnownFileType = file.storyboard; name = Base; path = Base.lproj/Main.storyboard; sourceTree = "<group>"; };
		845FB8701F4C245100672938 /* Assets.xcassets */ = {isa = PBXFileReference; lastKnownFileType = folder.assetcatalog; path = Assets.xcassets; sourceTree = "<group>"; };
		845FB8731F4C245100672938 /* Base */ = {isa = PBXFileReference; lastKnownFileType = file.storyboard; name = Base; path = Base.lproj/LaunchScreen.storyboard; sourceTree = "<group>"; };
		845FB8751F4C245100672938 /* Info.plist */ = {isa = PBXFileReference; lastKnownFileType = text.plist.xml; path = Info.plist; sourceTree = "<group>"; };
		845FB87A1F4C245100672938 /* WZLearnOpenGLTests.xctest */ = {isa = PBXFileReference; explicitFileType = wrapper.cfbundle; includeInIndex = 0; path = WZLearnOpenGLTests.xctest; sourceTree = BUILT_PRODUCTS_DIR; };
		845FB87E1F4C245100672938 /* WZLearnOpenGLTests.m */ = {isa = PBXFileReference; lastKnownFileType = sourcecode.c.objc; path = WZLearnOpenGLTests.m; sourceTree = "<group>"; };
		845FB8801F4C245100672938 /* Info.plist */ = {isa = PBXFileReference; lastKnownFileType = text.plist.xml; path = Info.plist; sourceTree = "<group>"; };
		845FB8851F4C245100672938 /* WZLearnOpenGLUITests.xctest */ = {isa = PBXFileReference; explicitFileType = wrapper.cfbundle; includeInIndex = 0; path = WZLearnOpenGLUITests.xctest; sourceTree = BUILT_PRODUCTS_DIR; };
		845FB8891F4C245100672938 /* WZLearnOpenGLUITests.m */ = {isa = PBXFileReference; lastKnownFileType = sourcecode.c.objc; path = WZLearnOpenGLUITests.m; sourceTree = "<group>"; };
		845FB88B1F4C245100672938 /* Info.plist */ = {isa = PBXFileReference; lastKnownFileType = text.plist.xml; path = Info.plist; sourceTree = "<group>"; };
		846704E51F7B429600EDE946 /* KViewController.h */ = {isa = PBXFileReference; lastKnownFileType = sourcecode.c.h; path = KViewController.h; sourceTree = "<group>"; };
		846704E61F7B429600EDE946 /* KViewController.m */ = {isa = PBXFileReference; lastKnownFileType = sourcecode.c.objc; path = KViewController.m; sourceTree = "<group>"; };
		846704E81F7B42A200EDE946 /* KView.h */ = {isa = PBXFileReference; lastKnownFileType = sourcecode.c.h; path = KView.h; sourceTree = "<group>"; };
		846704E91F7B42A200EDE946 /* KView.m */ = {isa = PBXFileReference; lastKnownFileType = sourcecode.c.objc; path = KView.m; sourceTree = "<group>"; };
		849AA3EC1F6F618F00F6E5AE /* WZOpenGLContext.h */ = {isa = PBXFileReference; fileEncoding = 4; lastKnownFileType = sourcecode.c.h; path = WZOpenGLContext.h; sourceTree = "<group>"; };
		849AA3ED1F6F618F00F6E5AE /* WZOpenGLContext.m */ = {isa = PBXFileReference; fileEncoding = 4; lastKnownFileType = sourcecode.c.objc; path = WZOpenGLContext.m; sourceTree = "<group>"; };
		849AA3EF1F6F648D00F6E5AE /* WZOpenGLProgram.h */ = {isa = PBXFileReference; fileEncoding = 4; lastKnownFileType = sourcecode.c.h; path = WZOpenGLProgram.h; sourceTree = "<group>"; };
		849AA3F01F6F648D00F6E5AE /* WZOpenGLProgram.m */ = {isa = PBXFileReference; fileEncoding = 4; lastKnownFileType = sourcecode.c.objc; path = WZOpenGLProgram.m; sourceTree = "<group>"; };
		849AB3E61F6BA25000FB7A84 /* shaderv1.vsh */ = {isa = PBXFileReference; lastKnownFileType = sourcecode.glsl; path = shaderv1.vsh; sourceTree = "<group>"; };
		849AB3E81F6BA25E00FB7A84 /* shaderf1.fsh */ = {isa = PBXFileReference; lastKnownFileType = sourcecode.glsl; path = shaderf1.fsh; sourceTree = "<group>"; };
		84A1D0A81F7CFDD600EA43AC /* GLESMath.c */ = {isa = PBXFileReference; fileEncoding = 4; lastKnownFileType = sourcecode.c.c; path = GLESMath.c; sourceTree = "<group>"; };
		84A1D0A91F7CFDD600EA43AC /* GLESMath.h */ = {isa = PBXFileReference; fileEncoding = 4; lastKnownFileType = sourcecode.c.h; path = GLESMath.h; sourceTree = "<group>"; };
		84A1D0AA1F7CFDD600EA43AC /* GLESUtils.h */ = {isa = PBXFileReference; fileEncoding = 4; lastKnownFileType = sourcecode.c.h; path = GLESUtils.h; sourceTree = "<group>"; };
		84A1D0AB1F7CFDD600EA43AC /* GLESUtils.m */ = {isa = PBXFileReference; fileEncoding = 4; lastKnownFileType = sourcecode.c.objc; path = GLESUtils.m; sourceTree = "<group>"; };
		84A1D0AC1F7CFDD600EA43AC /* Quaternion.h */ = {isa = PBXFileReference; fileEncoding = 4; lastKnownFileType = sourcecode.c.h; path = Quaternion.h; sourceTree = "<group>"; };
		84A1D0AD1F7CFDD600EA43AC /* Vector.h */ = {isa = PBXFileReference; fileEncoding = 4; lastKnownFileType = sourcecode.c.h; path = Vector.h; sourceTree = "<group>"; };
		84BACD971F5E58CE00A82E02 /* BViewController.h */ = {isa = PBXFileReference; fileEncoding = 4; lastKnownFileType = sourcecode.c.h; path = BViewController.h; sourceTree = "<group>"; };
		84BACD981F5E58CE00A82E02 /* BViewController.m */ = {isa = PBXFileReference; fileEncoding = 4; lastKnownFileType = sourcecode.c.objc; path = BViewController.m; sourceTree = "<group>"; };
		84BACD9B1F5E76F900A82E02 /* leaves.gif */ = {isa = PBXFileReference; lastKnownFileType = image.gif; path = leaves.gif; sourceTree = "<group>"; };
		84F7B86E1F60EFC600B31DCB /* beetle.png */ = {isa = PBXFileReference; lastKnownFileType = image.png; path = beetle.png; sourceTree = "<group>"; };
		84F7B86F1F60EFC600B31DCB /* leaves2.gif */ = {isa = PBXFileReference; lastKnownFileType = image.gif; path = leaves2.gif; sourceTree = "<group>"; };
/* End PBXFileReference section */

/* Begin PBXFrameworksBuildPhase section */
		845FB85E1F4C245100672938 /* Frameworks */ = {
			isa = PBXFrameworksBuildPhase;
			buildActionMask = 2147483647;
			files = (
			);
			runOnlyForDeploymentPostprocessing = 0;
		};
		845FB8771F4C245100672938 /* Frameworks */ = {
			isa = PBXFrameworksBuildPhase;
			buildActionMask = 2147483647;
			files = (
			);
			runOnlyForDeploymentPostprocessing = 0;
		};
		845FB8821F4C245100672938 /* Frameworks */ = {
			isa = PBXFrameworksBuildPhase;
			buildActionMask = 2147483647;
			files = (
			);
			runOnlyForDeploymentPostprocessing = 0;
		};
/* End PBXFrameworksBuildPhase section */

/* Begin PBXGroup section */
		400BD1141F84D2030049C75C /* MViewController */ = {
			isa = PBXGroup;
			children = (
				84570CE11F8B406A00675428 /* 74172016103114541058969337.jpg */,
				84570CE01F8B406A00675428 /* 74172016103114541791262983.jpg */,
				84570CDA1F8B406900675428 /* 28782016071512052157402710.jpg */,
				84570CDE1F8B406A00675428 /* 62122016071513370127436018.png */,
				84570CE21F8B406A00675428 /* 61252016103114565441911616.jpg */,
				84570CE31F8B406A00675428 /* 40682016071512070526937635.jpg */,
				84570CE41F8B406A00675428 /* 15952016071513373913911529.png */,
				84570CDF1F8B406A00675428 /* 43652016103114571391967844.jpg */,
				84570CDB1F8B406900675428 /* 24472016071513372170498279.png */,
				84570CE51F8B406B00675428 /* 5011201607151733569669796.jpg */,
				84570CDC1F8B406900675428 /* 39532016071517340927252420.jpg */,
				84570CDD1F8B406900675428 /* 16392016071512064015036483.jpg */,
				400BD1151F84D2250049C75C /* MViewController.h */,
				400BD1161F84D2250049C75C /* MViewController.m */,
				400768301F85FF930047DB07 /* MView.h */,
				400768311F85FF930047DB07 /* MView.m */,
				400768331F8670B40047DB07 /* shaderDefaultV.vsh */,
				400768351F8670C50047DB07 /* shaderDefaultF.fsh */,
				400768371F86750C0047DB07 /* shaderTransformF.fsh */,
				400768391F86752C0047DB07 /* shaderTransformV.vsh */,
				84570CF41F8B869E00675428 /* shaderAnomalyV.vsh */,
				84570CF61F8B86AF00675428 /* shaderAnomalyF.fsh */,
				400BD1181F84D2590049C75C /* MshaderV.vsh */,
				400BD11A1F84D2670049C75C /* MshaderF.fsh */,
			);
			path = MViewController;
			sourceTree = "<group>";
		};
		400FC96F1F933DA50094B38F /* AGLKit */ = {
			isa = PBXGroup;
			children = (
				400FC9701F933DA50094B38F /* AGLKAxisAllignedBoundingBox.h */,
				400FC9711F933DA50094B38F /* AGLKCollision.h */,
				400FC9721F933DA50094B38F /* AGLKCollision.m */,
				400FC9731F933DA50094B38F /* AGLKContext.h */,
				400FC9741F933DA50094B38F /* AGLKContext.m */,
				400FC9751F933DA50094B38F /* AGLKFilters.h */,
				400FC9761F933DA50094B38F /* AGLKFilters.m */,
				400FC9771F933DA50094B38F /* AGLKFrustum.h */,
				400FC9781F933DA50094B38F /* AGLKFrustum.m */,
				400FC9791F933DA50094B38F /* AGLKPointParticleEffect.h */,
				400FC97A1F933DA50094B38F /* AGLKPointParticleEffect.m */,
				400FC97B1F933DA50094B38F /* AGLKSkyboxEffect.h */,
				400FC97C1F933DA50094B38F /* AGLKSkyboxEffect.m */,
				400FC97D1F933DA50094B38F /* AGLKTextureLoader.h */,
				400FC97E1F933DA50094B38F /* AGLKTextureLoader.m */,
				400FC97F1F933DA50094B38F /* AGLKTextureTransformBaseEffect.h */,
				400FC9801F933DA50094B38F /* AGLKTextureTransformBaseEffect.m */,
				400FC9811F933DA50094B38F /* AGLKVertexAttribArrayBuffer.h */,
				400FC9821F933DA50094B38F /* AGLKVertexAttribArrayBuffer.m */,
				400FC9831F933DA50094B38F /* AGLKView.h */,
				400FC9841F933DA50094B38F /* AGLKView.m */,
				400FC9851F933DA50094B38F /* AGLKViewController.h */,
				400FC9861F933DA50094B38F /* AGLKViewController.m */,
				400FC9871F933DA50094B38F /* Shaders */,
			);
			path = AGLKit;
			sourceTree = "<group>";
		};
		400FC9871F933DA50094B38F /* Shaders */ = {
			isa = PBXGroup;
			children = (
				400FC9881F933DA50094B38F /* AGLKPointParticleShader.fsh */,
				400FC9891F933DA50094B38F /* AGLKPointParticleShader.vsh */,
				400FC98A1F933DA50094B38F /* AGLKSkyboxShader.fsh */,
				400FC98B1F933DA50094B38F /* AGLKSkyboxShader.vsh */,
				400FC98C1F933DA50094B38F /* AGLKTextureMatrix2PointLightShader.fsh */,
				400FC98D1F933DA50094B38F /* AGLKTextureMatrix2PointLightShader.vsh */,
			);
			path = Shaders;
			sourceTree = "<group>";
		};
		401AADA71F932C6D00D81C77 /* OViewController */ = {
			isa = PBXGroup;
			children = (
				401AADA81F932C9000D81C77 /* OViewController.h */,
				401AADA91F932C9000D81C77 /* OViewController.m */,
				401AADAB1F932CAC00D81C77 /* OView.h */,
				401AADAC1F932CAC00D81C77 /* OView.m */,
			);
			path = OViewController;
			sourceTree = "<group>";
		};
		844FBA761F7F2DD20051425F /* LViewController */ = {
			isa = PBXGroup;
			children = (
				844FBA731F7F2DC20051425F /* LViewController.h */,
				844FBA741F7F2DC20051425F /* LViewController.m */,
				844FBA7A1F7F855B0051425F /* LshaderNormal.vsh */,
				844FBA7C1F7F85670051425F /* LshaderNormal.fsh */,
				844FBA771F7F2DE10051425F /* LView.h */,
				844FBA781F7F2DE10051425F /* LView.m */,
				4014FD971F923BF300903278 /* shaderLPerspectiveV.vsh */,
				4014FD991F923C0900903278 /* shaderLPerspectiveF.fsh */,
			);
			path = LViewController;
			sourceTree = "<group>";
		};
		845EBB541F97560F005633A4 /* NViewController */ = {
			isa = PBXGroup;
			children = (
				845EBB551F975640005633A4 /* NViewController.h */,
				845EBB561F975640005633A4 /* NViewController.m */,
				845EBB581F97564E005633A4 /* NView.h */,
				845EBB591F97564E005633A4 /* NView.m */,
			);
			path = NViewController;
			sourceTree = "<group>";
		};
		845FB8581F4C245100672938 = {
			isa = PBXGroup;
			children = (
				400FC96F1F933DA50094B38F /* AGLKit */,
				845FB8631F4C245100672938 /* WZLearnOpenGL */,
				845FB87D1F4C245100672938 /* WZLearnOpenGLTests */,
				845FB8881F4C245100672938 /* WZLearnOpenGLUITests */,
				845FB8621F4C245100672938 /* Products */,
			);
			sourceTree = "<group>";
		};
		845FB8621F4C245100672938 /* Products */ = {
			isa = PBXGroup;
			children = (
				845FB8611F4C245100672938 /* WZLearnOpenGL.app */,
				845FB87A1F4C245100672938 /* WZLearnOpenGLTests.xctest */,
				845FB8851F4C245100672938 /* WZLearnOpenGLUITests.xctest */,
			);
			name = Products;
			sourceTree = "<group>";
		};
		845FB8631F4C245100672938 /* WZLearnOpenGL */ = {
			isa = PBXGroup;
			children = (
				844FBA711F7F2CFC0051425F /* GLProgram.h */,
				844FBA701F7F2CFB0051425F /* GLProgram.m */,
				84BACD9A1F5E76F100A82E02 /* 素材 */,
				845FB8671F4C245100672938 /* AppDelegate.h */,
				845FB8681F4C245100672938 /* AppDelegate.m */,
				845FB86A1F4C245100672938 /* ViewController.h */,
				845FB86B1F4C245100672938 /* ViewController.m */,
				843F6DE41F4FF7DB00F9FBA4 /* AViewController.h */,
				843F6DE51F4FF7DB00F9FBA4 /* AViewController.m */,
				84BACD971F5E58CE00A82E02 /* BViewController.h */,
				84BACD981F5E58CE00A82E02 /* BViewController.m */,
				84071B601F5F8F24004F9CA8 /* CViewController.h */,
				84071B611F5F8F24004F9CA8 /* CViewController.m */,
				84071B651F5FAA2E004F9CA8 /* DViewController.h */,
				84071B661F5FAA2E004F9CA8 /* DViewController.m */,
				84379B8A1F62215400D1F6EF /* EViewController.h */,
				84379B8B1F62215400D1F6EF /* EViewController.m */,
				8457464A1F679C3400E8BBD2 /* UIColor+Custom.h */,
				8457464B1F679C3400E8BBD2 /* UIColor+Custom.m */,
				84379B8E1F6223AB00D1F6EF /* FViewController.swift */,
				84379B921F62309100D1F6EF /* GViewController.swift */,
				4007CD051F64D439002C6E5A /* HViewController.h */,
				4007CD061F64D439002C6E5A /* HViewController.m */,
				844318441F6B877E00799E00 /* IViewController.h */,
				844318451F6B877E00799E00 /* IViewController.m */,
				840167351F6BD2DD008FB775 /* JViewController.h */,
				840167361F6BD2DD008FB775 /* JViewController.m */,
				846704E41F7B427C00EDE946 /* KViewController */,
				844FBA761F7F2DD20051425F /* LViewController */,
				400BD1141F84D2030049C75C /* MViewController */,
				845EBB541F97560F005633A4 /* NViewController */,
				401AADA71F932C6D00D81C77 /* OViewController */,
				849AA3F01F6F648D00F6E5AE /* WZOpenGLProgram.m */,
				849AA3EF1F6F648D00F6E5AE /* WZOpenGLProgram.h */,
				849AA3EC1F6F618F00F6E5AE /* WZOpenGLContext.h */,
				849AA3ED1F6F618F00F6E5AE /* WZOpenGLContext.m */,
				849AB3E61F6BA25000FB7A84 /* shaderv1.vsh */,
				849AB3E81F6BA25E00FB7A84 /* shaderf1.fsh */,
				404C33551F7D3CF9002BDF32 /* shaderv2.vsh */,
				404C33571F7D3D0C002BDF32 /* shaderf2.fsh */,
				845746401F678DC800E8BBD2 /* custom.vsh */,
				8457464D1F67EBD500E8BBD2 /* custom.fsh */,
				4007CD071F64D439002C6E5A /* HViewController.xib */,
				845FB86D1F4C245100672938 /* Main.storyboard */,
				845FB8701F4C245100672938 /* Assets.xcassets */,
				845FB8721F4C245100672938 /* LaunchScreen.storyboard */,
				845FB8751F4C245100672938 /* Info.plist */,
				845FB8641F4C245100672938 /* Supporting Files */,
				84379B8D1F6223AB00D1F6EF /* WZLearnOpenGL-Bridging-Header.h */,
			);
			path = WZLearnOpenGL;
			sourceTree = "<group>";
		};
		845FB8641F4C245100672938 /* Supporting Files */ = {
			isa = PBXGroup;
			children = (
				845FB8651F4C245100672938 /* main.m */,
			);
			name = "Supporting Files";
			sourceTree = "<group>";
		};
		845FB87D1F4C245100672938 /* WZLearnOpenGLTests */ = {
			isa = PBXGroup;
			children = (
				845FB87E1F4C245100672938 /* WZLearnOpenGLTests.m */,
				845FB8801F4C245100672938 /* Info.plist */,
			);
			path = WZLearnOpenGLTests;
			sourceTree = "<group>";
		};
		845FB8881F4C245100672938 /* WZLearnOpenGLUITests */ = {
			isa = PBXGroup;
			children = (
				845FB8891F4C245100672938 /* WZLearnOpenGLUITests.m */,
				845FB88B1F4C245100672938 /* Info.plist */,
			);
			path = WZLearnOpenGLUITests;
			sourceTree = "<group>";
		};
		846704E41F7B427C00EDE946 /* KViewController */ = {
			isa = PBXGroup;
			children = (
				84A1D0A71F7CFDD600EA43AC /* Utils */,
				846704E51F7B429600EDE946 /* KViewController.h */,
				846704E61F7B429600EDE946 /* KViewController.m */,
				846704E81F7B42A200EDE946 /* KView.h */,
				846704E91F7B42A200EDE946 /* KView.m */,
			);
			path = KViewController;
			sourceTree = "<group>";
		};
		84A1D0A71F7CFDD600EA43AC /* Utils */ = {
			isa = PBXGroup;
			children = (
				84A1D0A81F7CFDD600EA43AC /* GLESMath.c */,
				84A1D0A91F7CFDD600EA43AC /* GLESMath.h */,
				84A1D0AA1F7CFDD600EA43AC /* GLESUtils.h */,
				84A1D0AB1F7CFDD600EA43AC /* GLESUtils.m */,
				84A1D0AC1F7CFDD600EA43AC /* Quaternion.h */,
				84A1D0AD1F7CFDD600EA43AC /* Vector.h */,
			);
			path = Utils;
			sourceTree = "<group>";
		};
		84BACD9A1F5E76F100A82E02 /* 素材 */ = {
			isa = PBXGroup;
			children = (
				84F7B86E1F60EFC600B31DCB /* beetle.png */,
				84F7B86F1F60EFC600B31DCB /* leaves2.gif */,
				84BACD9B1F5E76F900A82E02 /* leaves.gif */,
				84071B631F5F989F004F9CA8 /* grid.png */,
			);
			path = "素材";
			sourceTree = "<group>";
		};
/* End PBXGroup section */

/* Begin PBXNativeTarget section */
		845FB8601F4C245100672938 /* WZLearnOpenGL */ = {
			isa = PBXNativeTarget;
			buildConfigurationList = 845FB88E1F4C245100672938 /* Build configuration list for PBXNativeTarget "WZLearnOpenGL" */;
			buildPhases = (
				845FB85D1F4C245100672938 /* Sources */,
				845FB85E1F4C245100672938 /* Frameworks */,
				845FB85F1F4C245100672938 /* Resources */,
			);
			buildRules = (
			);
			dependencies = (
			);
			name = WZLearnOpenGL;
			productName = WZLearnOpenGL;
			productReference = 845FB8611F4C245100672938 /* WZLearnOpenGL.app */;
			productType = "com.apple.product-type.application";
		};
		845FB8791F4C245100672938 /* WZLearnOpenGLTests */ = {
			isa = PBXNativeTarget;
			buildConfigurationList = 845FB8911F4C245100672938 /* Build configuration list for PBXNativeTarget "WZLearnOpenGLTests" */;
			buildPhases = (
				845FB8761F4C245100672938 /* Sources */,
				845FB8771F4C245100672938 /* Frameworks */,
				845FB8781F4C245100672938 /* Resources */,
			);
			buildRules = (
			);
			dependencies = (
				845FB87C1F4C245100672938 /* PBXTargetDependency */,
			);
			name = WZLearnOpenGLTests;
			productName = WZLearnOpenGLTests;
			productReference = 845FB87A1F4C245100672938 /* WZLearnOpenGLTests.xctest */;
			productType = "com.apple.product-type.bundle.unit-test";
		};
		845FB8841F4C245100672938 /* WZLearnOpenGLUITests */ = {
			isa = PBXNativeTarget;
			buildConfigurationList = 845FB8941F4C245100672938 /* Build configuration list for PBXNativeTarget "WZLearnOpenGLUITests" */;
			buildPhases = (
				845FB8811F4C245100672938 /* Sources */,
				845FB8821F4C245100672938 /* Frameworks */,
				845FB8831F4C245100672938 /* Resources */,
			);
			buildRules = (
			);
			dependencies = (
				845FB8871F4C245100672938 /* PBXTargetDependency */,
			);
			name = WZLearnOpenGLUITests;
			productName = WZLearnOpenGLUITests;
			productReference = 845FB8851F4C245100672938 /* WZLearnOpenGLUITests.xctest */;
			productType = "com.apple.product-type.bundle.ui-testing";
		};
/* End PBXNativeTarget section */

/* Begin PBXProject section */
		845FB8591F4C245100672938 /* Project object */ = {
			isa = PBXProject;
			attributes = {
				LastUpgradeCheck = 0820;
				ORGANIZATIONNAME = wizet;
				TargetAttributes = {
					845FB8601F4C245100672938 = {
						CreatedOnToolsVersion = 8.2;
						DevelopmentTeam = 7MUPB6659U;
						LastSwiftMigration = 0900;
						ProvisioningStyle = Automatic;
					};
					845FB8791F4C245100672938 = {
						CreatedOnToolsVersion = 8.2;
						DevelopmentTeam = 7MUPB6659U;
						ProvisioningStyle = Automatic;
						TestTargetID = 845FB8601F4C245100672938;
					};
					845FB8841F4C245100672938 = {
						CreatedOnToolsVersion = 8.2;
						DevelopmentTeam = 7MUPB6659U;
						ProvisioningStyle = Automatic;
						TestTargetID = 845FB8601F4C245100672938;
					};
				};
			};
			buildConfigurationList = 845FB85C1F4C245100672938 /* Build configuration list for PBXProject "WZLearnOpenGL" */;
			compatibilityVersion = "Xcode 3.2";
			developmentRegion = English;
			hasScannedForEncodings = 0;
			knownRegions = (
				en,
				Base,
			);
			mainGroup = 845FB8581F4C245100672938;
			productRefGroup = 845FB8621F4C245100672938 /* Products */;
			projectDirPath = "";
			projectRoot = "";
			targets = (
				845FB8601F4C245100672938 /* WZLearnOpenGL */,
				845FB8791F4C245100672938 /* WZLearnOpenGLTests */,
				845FB8841F4C245100672938 /* WZLearnOpenGLUITests */,
			);
		};
/* End PBXProject section */

/* Begin PBXResourcesBuildPhase section */
		845FB85F1F4C245100672938 /* Resources */ = {
			isa = PBXResourcesBuildPhase;
			buildActionMask = 2147483647;
			files = (
				84F7B8711F60F45B00B31DCB /* beetle.png in Resources */,
				84F7B8701F60F44F00B31DCB /* leaves2.gif in Resources */,
				845FB8741F4C245100672938 /* LaunchScreen.storyboard in Resources */,
				400768341F8670B40047DB07 /* shaderDefaultV.vsh in Resources */,
				844FBA7D1F7F85670051425F /* LshaderNormal.fsh in Resources */,
				400FC99D1F933DA50094B38F /* AGLKTextureMatrix2PointLightShader.fsh in Resources */,
				84570CEF1F8B406B00675428 /* 40682016071512070526937635.jpg in Resources */,
				84570CE61F8B406B00675428 /* 28782016071512052157402710.jpg in Resources */,
				400FC99A1F933DA50094B38F /* AGLKPointParticleShader.vsh in Resources */,
				404C33581F7D3D0C002BDF32 /* shaderf2.fsh in Resources */,
				400FC99E1F933DA50094B38F /* AGLKTextureMatrix2PointLightShader.vsh in Resources */,
				400FC99B1F933DA50094B38F /* AGLKSkyboxShader.fsh in Resources */,
				84570CE81F8B406B00675428 /* 39532016071517340927252420.jpg in Resources */,
				400768381F86750C0047DB07 /* shaderTransformF.fsh in Resources */,
				400FC9991F933DA50094B38F /* AGLKPointParticleShader.fsh in Resources */,
				84570CF11F8B406B00675428 /* 5011201607151733569669796.jpg in Resources */,
				84570CED1F8B406B00675428 /* 74172016103114541058969337.jpg in Resources */,
				4007683A1F86752C0047DB07 /* shaderTransformV.vsh in Resources */,
				400BD11B1F84D2670049C75C /* MshaderF.fsh in Resources */,
				400BD1191F84D2590049C75C /* MshaderV.vsh in Resources */,
				84570CEC1F8B406B00675428 /* 74172016103114541791262983.jpg in Resources */,
				84570CEA1F8B406B00675428 /* 62122016071513370127436018.png in Resources */,
				84570CF51F8B869E00675428 /* shaderAnomalyV.vsh in Resources */,
				404C33561F7D3CF9002BDF32 /* shaderv2.vsh in Resources */,
				4007CD091F64D439002C6E5A /* HViewController.xib in Resources */,
				84071B641F5F989F004F9CA8 /* grid.png in Resources */,
				4014FD9A1F923C0900903278 /* shaderLPerspectiveF.fsh in Resources */,
				8457464E1F67EBD500E8BBD2 /* custom.fsh in Resources */,
				84570CF01F8B406B00675428 /* 15952016071513373913911529.png in Resources */,
				400768361F8670C50047DB07 /* shaderDefaultF.fsh in Resources */,
				845FB8711F4C245100672938 /* Assets.xcassets in Resources */,
				84570CE91F8B406B00675428 /* 16392016071512064015036483.jpg in Resources */,
				84BACD9C1F5E76F900A82E02 /* leaves.gif in Resources */,
				84570CE71F8B406B00675428 /* 24472016071513372170498279.png in Resources */,
				844FBA7B1F7F855B0051425F /* LshaderNormal.vsh in Resources */,
				84570CEE1F8B406B00675428 /* 61252016103114565441911616.jpg in Resources */,
				845FB86F1F4C245100672938 /* Main.storyboard in Resources */,
				849AB3E91F6BA25E00FB7A84 /* shaderf1.fsh in Resources */,
				84570CF71F8B86AF00675428 /* shaderAnomalyF.fsh in Resources */,
				400FC99C1F933DA50094B38F /* AGLKSkyboxShader.vsh in Resources */,
				84570CEB1F8B406B00675428 /* 43652016103114571391967844.jpg in Resources */,
				4014FD981F923BF300903278 /* shaderLPerspectiveV.vsh in Resources */,
				849AB3E71F6BA25000FB7A84 /* shaderv1.vsh in Resources */,
			);
			runOnlyForDeploymentPostprocessing = 0;
		};
		845FB8781F4C245100672938 /* Resources */ = {
			isa = PBXResourcesBuildPhase;
			buildActionMask = 2147483647;
			files = (
			);
			runOnlyForDeploymentPostprocessing = 0;
		};
		845FB8831F4C245100672938 /* Resources */ = {
			isa = PBXResourcesBuildPhase;
			buildActionMask = 2147483647;
			files = (
			);
			runOnlyForDeploymentPostprocessing = 0;
		};
/* End PBXResourcesBuildPhase section */

/* Begin PBXSourcesBuildPhase section */
		845FB85D1F4C245100672938 /* Sources */ = {
			isa = PBXSourcesBuildPhase;
			buildActionMask = 2147483647;
			files = (
				84379B8C1F62215400D1F6EF /* EViewController.m in Sources */,
				400FC9971F933DA50094B38F /* AGLKView.m in Sources */,
				400FC9951F933DA50094B38F /* AGLKTextureTransformBaseEffect.m in Sources */,
				400FC98E1F933DA50094B38F /* AGLKCollision.m in Sources */,
				849AA3F11F6F648D00F6E5AE /* WZOpenGLProgram.m in Sources */,
				401AADAA1F932C9000D81C77 /* OViewController.m in Sources */,
				400FC9901F933DA50094B38F /* AGLKFilters.m in Sources */,
				400FC9981F933DA50094B38F /* AGLKViewController.m in Sources */,
				844FBA791F7F2DE10051425F /* LView.m in Sources */,
				84A1D0AF1F7CFDD600EA43AC /* GLESUtils.m in Sources */,
				84379B8F1F6223AB00D1F6EF /* FViewController.swift in Sources */,
				845EBB5A1F97564E005633A4 /* NView.m in Sources */,
				843F6DE61F4FF7DB00F9FBA4 /* AViewController.m in Sources */,
				400FC9941F933DA50094B38F /* AGLKTextureLoader.m in Sources */,
				400FC9911F933DA50094B38F /* AGLKFrustum.m in Sources */,
				845EBB571F975640005633A4 /* NViewController.m in Sources */,
				400FC9961F933DA50094B38F /* AGLKVertexAttribArrayBuffer.m in Sources */,
				845FB86C1F4C245100672938 /* ViewController.m in Sources */,
				84071B621F5F8F24004F9CA8 /* CViewController.m in Sources */,
				400FC9931F933DA50094B38F /* AGLKSkyboxEffect.m in Sources */,
				400BD1171F84D2250049C75C /* MViewController.m in Sources */,
				845FB8691F4C245100672938 /* AppDelegate.m in Sources */,
				400768321F85FF930047DB07 /* MView.m in Sources */,
				849AA3EE1F6F618F00F6E5AE /* WZOpenGLContext.m in Sources */,
				84BACD991F5E58CE00A82E02 /* BViewController.m in Sources */,
				4007CD081F64D439002C6E5A /* HViewController.m in Sources */,
				846704E71F7B429600EDE946 /* KViewController.m in Sources */,
				84071B671F5FAA2E004F9CA8 /* DViewController.m in Sources */,
				84A1D0AE1F7CFDD600EA43AC /* GLESMath.c in Sources */,
				844FBA721F7F2CFC0051425F /* GLProgram.m in Sources */,
				846704EA1F7B42A200EDE946 /* KView.m in Sources */,
				84379B931F62309100D1F6EF /* GViewController.swift in Sources */,
				8457464C1F679C3400E8BBD2 /* UIColor+Custom.m in Sources */,
				840167371F6BD2DD008FB775 /* JViewController.m in Sources */,
				844FBA751F7F2DC20051425F /* LViewController.m in Sources */,
				401AADAD1F932CAC00D81C77 /* OView.m in Sources */,
				400FC98F1F933DA50094B38F /* AGLKContext.m in Sources */,
				845FB8661F4C245100672938 /* main.m in Sources */,
				400FC9921F933DA50094B38F /* AGLKPointParticleEffect.m in Sources */,
				844318461F6B877E00799E00 /* IViewController.m in Sources */,
			);
			runOnlyForDeploymentPostprocessing = 0;
		};
		845FB8761F4C245100672938 /* Sources */ = {
			isa = PBXSourcesBuildPhase;
			buildActionMask = 2147483647;
			files = (
				845FB87F1F4C245100672938 /* WZLearnOpenGLTests.m in Sources */,
			);
			runOnlyForDeploymentPostprocessing = 0;
		};
		845FB8811F4C245100672938 /* Sources */ = {
			isa = PBXSourcesBuildPhase;
			buildActionMask = 2147483647;
			files = (
				845FB88A1F4C245100672938 /* WZLearnOpenGLUITests.m in Sources */,
			);
			runOnlyForDeploymentPostprocessing = 0;
		};
/* End PBXSourcesBuildPhase section */

/* Begin PBXTargetDependency section */
		845FB87C1F4C245100672938 /* PBXTargetDependency */ = {
			isa = PBXTargetDependency;
			target = 845FB8601F4C245100672938 /* WZLearnOpenGL */;
			targetProxy = 845FB87B1F4C245100672938 /* PBXContainerItemProxy */;
		};
		845FB8871F4C245100672938 /* PBXTargetDependency */ = {
			isa = PBXTargetDependency;
			target = 845FB8601F4C245100672938 /* WZLearnOpenGL */;
			targetProxy = 845FB8861F4C245100672938 /* PBXContainerItemProxy */;
		};
/* End PBXTargetDependency section */

/* Begin PBXVariantGroup section */
		845FB86D1F4C245100672938 /* Main.storyboard */ = {
			isa = PBXVariantGroup;
			children = (
				845FB86E1F4C245100672938 /* Base */,
			);
			name = Main.storyboard;
			sourceTree = "<group>";
		};
		845FB8721F4C245100672938 /* LaunchScreen.storyboard */ = {
			isa = PBXVariantGroup;
			children = (
				845FB8731F4C245100672938 /* Base */,
			);
			name = LaunchScreen.storyboard;
			sourceTree = "<group>";
		};
/* End PBXVariantGroup section */

/* Begin XCBuildConfiguration section */
		845FB88C1F4C245100672938 /* Debug */ = {
			isa = XCBuildConfiguration;
			buildSettings = {
				ALWAYS_SEARCH_USER_PATHS = NO;
				CLANG_ANALYZER_NONNULL = YES;
				CLANG_CXX_LANGUAGE_STANDARD = "gnu++0x";
				CLANG_CXX_LIBRARY = "libc++";
				CLANG_ENABLE_MODULES = YES;
				CLANG_ENABLE_OBJC_ARC = YES;
				CLANG_WARN_BOOL_CONVERSION = YES;
				CLANG_WARN_CONSTANT_CONVERSION = YES;
				CLANG_WARN_DIRECT_OBJC_ISA_USAGE = YES_ERROR;
				CLANG_WARN_DOCUMENTATION_COMMENTS = YES;
				CLANG_WARN_EMPTY_BODY = YES;
				CLANG_WARN_ENUM_CONVERSION = YES;
				CLANG_WARN_INFINITE_RECURSION = YES;
				CLANG_WARN_INT_CONVERSION = YES;
				CLANG_WARN_OBJC_ROOT_CLASS = YES_ERROR;
				CLANG_WARN_SUSPICIOUS_MOVE = YES;
				CLANG_WARN_UNREACHABLE_CODE = YES;
				CLANG_WARN__DUPLICATE_METHOD_MATCH = YES;
				"CODE_SIGN_IDENTITY[sdk=iphoneos*]" = "iPhone Developer";
				COPY_PHASE_STRIP = NO;
				DEBUG_INFORMATION_FORMAT = dwarf;
				ENABLE_STRICT_OBJC_MSGSEND = YES;
				ENABLE_TESTABILITY = YES;
				GCC_C_LANGUAGE_STANDARD = gnu99;
				GCC_DYNAMIC_NO_PIC = NO;
				GCC_NO_COMMON_BLOCKS = YES;
				GCC_OPTIMIZATION_LEVEL = 0;
				GCC_PREPROCESSOR_DEFINITIONS = (
					"DEBUG=1",
					"$(inherited)",
				);
				GCC_WARN_64_TO_32_BIT_CONVERSION = YES;
				GCC_WARN_ABOUT_RETURN_TYPE = YES_ERROR;
				GCC_WARN_UNDECLARED_SELECTOR = YES;
				GCC_WARN_UNINITIALIZED_AUTOS = YES_AGGRESSIVE;
				GCC_WARN_UNUSED_FUNCTION = YES;
				GCC_WARN_UNUSED_VARIABLE = YES;
				IPHONEOS_DEPLOYMENT_TARGET = 10.2;
				MTL_ENABLE_DEBUG_INFO = YES;
				ONLY_ACTIVE_ARCH = YES;
				SDKROOT = iphoneos;
			};
			name = Debug;
		};
		845FB88D1F4C245100672938 /* Release */ = {
			isa = XCBuildConfiguration;
			buildSettings = {
				ALWAYS_SEARCH_USER_PATHS = NO;
				CLANG_ANALYZER_NONNULL = YES;
				CLANG_CXX_LANGUAGE_STANDARD = "gnu++0x";
				CLANG_CXX_LIBRARY = "libc++";
				CLANG_ENABLE_MODULES = YES;
				CLANG_ENABLE_OBJC_ARC = YES;
				CLANG_WARN_BOOL_CONVERSION = YES;
				CLANG_WARN_CONSTANT_CONVERSION = YES;
				CLANG_WARN_DIRECT_OBJC_ISA_USAGE = YES_ERROR;
				CLANG_WARN_DOCUMENTATION_COMMENTS = YES;
				CLANG_WARN_EMPTY_BODY = YES;
				CLANG_WARN_ENUM_CONVERSION = YES;
				CLANG_WARN_INFINITE_RECURSION = YES;
				CLANG_WARN_INT_CONVERSION = YES;
				CLANG_WARN_OBJC_ROOT_CLASS = YES_ERROR;
				CLANG_WARN_SUSPICIOUS_MOVE = YES;
				CLANG_WARN_UNREACHABLE_CODE = YES;
				CLANG_WARN__DUPLICATE_METHOD_MATCH = YES;
				"CODE_SIGN_IDENTITY[sdk=iphoneos*]" = "iPhone Developer";
				COPY_PHASE_STRIP = NO;
				DEBUG_INFORMATION_FORMAT = "dwarf-with-dsym";
				ENABLE_NS_ASSERTIONS = NO;
				ENABLE_STRICT_OBJC_MSGSEND = YES;
				GCC_C_LANGUAGE_STANDARD = gnu99;
				GCC_NO_COMMON_BLOCKS = YES;
				GCC_WARN_64_TO_32_BIT_CONVERSION = YES;
				GCC_WARN_ABOUT_RETURN_TYPE = YES_ERROR;
				GCC_WARN_UNDECLARED_SELECTOR = YES;
				GCC_WARN_UNINITIALIZED_AUTOS = YES_AGGRESSIVE;
				GCC_WARN_UNUSED_FUNCTION = YES;
				GCC_WARN_UNUSED_VARIABLE = YES;
				IPHONEOS_DEPLOYMENT_TARGET = 10.2;
				MTL_ENABLE_DEBUG_INFO = NO;
				SDKROOT = iphoneos;
				VALIDATE_PRODUCT = YES;
			};
			name = Release;
		};
		845FB88F1F4C245100672938 /* Debug */ = {
			isa = XCBuildConfiguration;
			buildSettings = {
				ASSETCATALOG_COMPILER_APPICON_NAME = AppIcon;
				CLANG_ENABLE_MODULES = YES;
				DEFINES_MODULE = YES;
				DEVELOPMENT_TEAM = 7MUPB6659U;
				INFOPLIST_FILE = WZLearnOpenGL/Info.plist;
				IPHONEOS_DEPLOYMENT_TARGET = 9.2;
				LD_RUNPATH_SEARCH_PATHS = "$(inherited) @executable_path/Frameworks";
				PRODUCT_BUNDLE_IDENTIFIER = wizet.learn.WZLearnOpenGL;
				PRODUCT_NAME = "$(TARGET_NAME)";
				SWIFT_OBJC_BRIDGING_HEADER = "WZLearnOpenGL/WZLearnOpenGL-Bridging-Header.h";
				SWIFT_OPTIMIZATION_LEVEL = "-Onone";
				SWIFT_VERSION = 3.0;
				TARGETED_DEVICE_FAMILY = "1,2";
			};
			name = Debug;
		};
		845FB8901F4C245100672938 /* Release */ = {
			isa = XCBuildConfiguration;
			buildSettings = {
				ASSETCATALOG_COMPILER_APPICON_NAME = AppIcon;
				CLANG_ENABLE_MODULES = YES;
				DEFINES_MODULE = YES;
				DEVELOPMENT_TEAM = 7MUPB6659U;
				INFOPLIST_FILE = WZLearnOpenGL/Info.plist;
				IPHONEOS_DEPLOYMENT_TARGET = 9.2;
				LD_RUNPATH_SEARCH_PATHS = "$(inherited) @executable_path/Frameworks";
				PRODUCT_BUNDLE_IDENTIFIER = wizet.learn.WZLearnOpenGL;
				PRODUCT_NAME = "$(TARGET_NAME)";
				SWIFT_OBJC_BRIDGING_HEADER = "WZLearnOpenGL/WZLearnOpenGL-Bridging-Header.h";
				SWIFT_VERSION = 3.0;
				TARGETED_DEVICE_FAMILY = "1,2";
			};
			name = Release;
		};
		845FB8921F4C245100672938 /* Debug */ = {
			isa = XCBuildConfiguration;
			buildSettings = {
				ALWAYS_EMBED_SWIFT_STANDARD_LIBRARIES = YES;
				BUNDLE_LOADER = "$(TEST_HOST)";
				DEVELOPMENT_TEAM = 7MUPB6659U;
				INFOPLIST_FILE = WZLearnOpenGLTests/Info.plist;
				LD_RUNPATH_SEARCH_PATHS = "$(inherited) @executable_path/Frameworks @loader_path/Frameworks";
				PRODUCT_BUNDLE_IDENTIFIER = wizet.learn.WZLearnOpenGLTests;
				PRODUCT_NAME = "$(TARGET_NAME)";
				TEST_HOST = "$(BUILT_PRODUCTS_DIR)/WZLearnOpenGL.app/WZLearnOpenGL";
			};
			name = Debug;
		};
		845FB8931F4C245100672938 /* Release */ = {
			isa = XCBuildConfiguration;
			buildSettings = {
				ALWAYS_EMBED_SWIFT_STANDARD_LIBRARIES = YES;
				BUNDLE_LOADER = "$(TEST_HOST)";
				DEVELOPMENT_TEAM = 7MUPB6659U;
				INFOPLIST_FILE = WZLearnOpenGLTests/Info.plist;
				LD_RUNPATH_SEARCH_PATHS = "$(inherited) @executable_path/Frameworks @loader_path/Frameworks";
				PRODUCT_BUNDLE_IDENTIFIER = wizet.learn.WZLearnOpenGLTests;
				PRODUCT_NAME = "$(TARGET_NAME)";
				TEST_HOST = "$(BUILT_PRODUCTS_DIR)/WZLearnOpenGL.app/WZLearnOpenGL";
			};
			name = Release;
		};
		845FB8951F4C245100672938 /* Debug */ = {
			isa = XCBuildConfiguration;
			buildSettings = {
				ALWAYS_EMBED_SWIFT_STANDARD_LIBRARIES = YES;
				DEVELOPMENT_TEAM = 7MUPB6659U;
				INFOPLIST_FILE = WZLearnOpenGLUITests/Info.plist;
				LD_RUNPATH_SEARCH_PATHS = "$(inherited) @executable_path/Frameworks @loader_path/Frameworks";
				PRODUCT_BUNDLE_IDENTIFIER = wizet.learn.WZLearnOpenGLUITests;
				PRODUCT_NAME = "$(TARGET_NAME)";
				TEST_TARGET_NAME = WZLearnOpenGL;
			};
			name = Debug;
		};
		845FB8961F4C245100672938 /* Release */ = {
			isa = XCBuildConfiguration;
			buildSettings = {
				ALWAYS_EMBED_SWIFT_STANDARD_LIBRARIES = YES;
				DEVELOPMENT_TEAM = 7MUPB6659U;
				INFOPLIST_FILE = WZLearnOpenGLUITests/Info.plist;
				LD_RUNPATH_SEARCH_PATHS = "$(inherited) @executable_path/Frameworks @loader_path/Frameworks";
				PRODUCT_BUNDLE_IDENTIFIER = wizet.learn.WZLearnOpenGLUITests;
				PRODUCT_NAME = "$(TARGET_NAME)";
				TEST_TARGET_NAME = WZLearnOpenGL;
			};
			name = Release;
		};
/* End XCBuildConfiguration section */

/* Begin XCConfigurationList section */
		845FB85C1F4C245100672938 /* Build configuration list for PBXProject "WZLearnOpenGL" */ = {
			isa = XCConfigurationList;
			buildConfigurations = (
				845FB88C1F4C245100672938 /* Debug */,
				845FB88D1F4C245100672938 /* Release */,
			);
			defaultConfigurationIsVisible = 0;
			defaultConfigurationName = Release;
		};
		845FB88E1F4C245100672938 /* Build configuration list for PBXNativeTarget "WZLearnOpenGL" */ = {
			isa = XCConfigurationList;
			buildConfigurations = (
				845FB88F1F4C245100672938 /* Debug */,
				845FB8901F4C245100672938 /* Release */,
			);
			defaultConfigurationIsVisible = 0;
			defaultConfigurationName = Release;
		};
		845FB8911F4C245100672938 /* Build configuration list for PBXNativeTarget "WZLearnOpenGLTests" */ = {
			isa = XCConfigurationList;
			buildConfigurations = (
				845FB8921F4C245100672938 /* Debug */,
				845FB8931F4C245100672938 /* Release */,
			);
			defaultConfigurationIsVisible = 0;
			defaultConfigurationName = Release;
		};
		845FB8941F4C245100672938 /* Build configuration list for PBXNativeTarget "WZLearnOpenGLUITests" */ = {
			isa = XCConfigurationList;
			buildConfigurations = (
				845FB8951F4C245100672938 /* Debug */,
				845FB8961F4C245100672938 /* Release */,
			);
			defaultConfigurationIsVisible = 0;
			defaultConfigurationName = Release;
		};
/* End XCConfigurationList section */
	};
	rootObject = 845FB8591F4C245100672938 /* Project object */;
}
