// !$*UTF8*$!
{
	archiveVersion = 1;
	classes = {
	};
	objectVersion = 46;
	objects = {

/* Begin PBXBuildFile section */
		840189591F46C5EE00945F1A /* main.m in Sources */ = {isa = PBXBuildFile; fileRef = 840189581F46C5EE00945F1A /* main.m */; };
		8401895C1F46C5EE00945F1A /* AppDelegate.m in Sources */ = {isa = PBXBuildFile; fileRef = 8401895B1F46C5EE00945F1A /* AppDelegate.m */; };
		8401895F1F46C5EE00945F1A /* ViewController.m in Sources */ = {isa = PBXBuildFile; fileRef = 8401895E1F46C5EE00945F1A /* ViewController.m */; };
		840189621F46C5EE00945F1A /* Main.storyboard in Resources */ = {isa = PBXBuildFile; fileRef = 840189601F46C5EE00945F1A /* Main.storyboard */; };
		840189641F46C5EE00945F1A /* Assets.xcassets in Resources */ = {isa = PBXBuildFile; fileRef = 840189631F46C5EE00945F1A /* Assets.xcassets */; };
		840189671F46C5EE00945F1A /* LaunchScreen.storyboard in Resources */ = {isa = PBXBuildFile; fileRef = 840189651F46C5EE00945F1A /* LaunchScreen.storyboard */; };
		840189721F46C5EE00945F1A /* WZLearnOpenGLWZTests.m in Sources */ = {isa = PBXBuildFile; fileRef = 840189711F46C5EE00945F1A /* WZLearnOpenGLWZTests.m */; };
		8401897D1F46C5EE00945F1A /* WZLearnOpenGLWZUITests.m in Sources */ = {isa = PBXBuildFile; fileRef = 8401897C1F46C5EE00945F1A /* WZLearnOpenGLWZUITests.m */; };
/* End PBXBuildFile section */

/* Begin PBXContainerItemProxy section */
		8401896E1F46C5EE00945F1A /* PBXContainerItemProxy */ = {
			isa = PBXContainerItemProxy;
			containerPortal = 8401894C1F46C5EE00945F1A /* Project object */;
			proxyType = 1;
			remoteGlobalIDString = 840189531F46C5EE00945F1A;
			remoteInfo = WZLearnOpenGLWZ;
		};
		840189791F46C5EE00945F1A /* PBXContainerItemProxy */ = {
			isa = PBXContainerItemProxy;
			containerPortal = 8401894C1F46C5EE00945F1A /* Project object */;
			proxyType = 1;
			remoteGlobalIDString = 840189531F46C5EE00945F1A;
			remoteInfo = WZLearnOpenGLWZ;
		};
/* End PBXContainerItemProxy section */

/* Begin PBXFileReference section */
		840189541F46C5EE00945F1A /* WZLearnOpenGLWZ.app */ = {isa = PBXFileReference; explicitFileType = wrapper.application; includeInIndex = 0; path = WZLearnOpenGLWZ.app; sourceTree = BUILT_PRODUCTS_DIR; };
		840189581F46C5EE00945F1A /* main.m */ = {isa = PBXFileReference; lastKnownFileType = sourcecode.c.objc; path = main.m; sourceTree = "<group>"; };
		8401895A1F46C5EE00945F1A /* AppDelegate.h */ = {isa = PBXFileReference; lastKnownFileType = sourcecode.c.h; path = AppDelegate.h; sourceTree = "<group>"; };
		8401895B1F46C5EE00945F1A /* AppDelegate.m */ = {isa = PBXFileReference; lastKnownFileType = sourcecode.c.objc; path = AppDelegate.m; sourceTree = "<group>"; };
		8401895D1F46C5EE00945F1A /* ViewController.h */ = {isa = PBXFileReference; lastKnownFileType = sourcecode.c.h; path = ViewController.h; sourceTree = "<group>"; };
		8401895E1F46C5EE00945F1A /* ViewController.m */ = {isa = PBXFileReference; lastKnownFileType = sourcecode.c.objc; path = ViewController.m; sourceTree = "<group>"; };
		840189611F46C5EE00945F1A /* Base */ = {isa = PBXFileReference; lastKnownFileType = file.storyboard; name = Base; path = Base.lproj/Main.storyboard; sourceTree = "<group>"; };
		840189631F46C5EE00945F1A /* Assets.xcassets */ = {isa = PBXFileReference; lastKnownFileType = folder.assetcatalog; path = Assets.xcassets; sourceTree = "<group>"; };
		840189661F46C5EE00945F1A /* Base */ = {isa = PBXFileReference; lastKnownFileType = file.storyboard; name = Base; path = Base.lproj/LaunchScreen.storyboard; sourceTree = "<group>"; };
		840189681F46C5EE00945F1A /* Info.plist */ = {isa = PBXFileReference; lastKnownFileType = text.plist.xml; path = Info.plist; sourceTree = "<group>"; };
		8401896D1F46C5EE00945F1A /* WZLearnOpenGLWZTests.xctest */ = {isa = PBXFileReference; explicitFileType = wrapper.cfbundle; includeInIndex = 0; path = WZLearnOpenGLWZTests.xctest; sourceTree = BUILT_PRODUCTS_DIR; };
		840189711F46C5EE00945F1A /* WZLearnOpenGLWZTests.m */ = {isa = PBXFileReference; lastKnownFileType = sourcecode.c.objc; path = WZLearnOpenGLWZTests.m; sourceTree = "<group>"; };
		840189731F46C5EE00945F1A /* Info.plist */ = {isa = PBXFileReference; lastKnownFileType = text.plist.xml; path = Info.plist; sourceTree = "<group>"; };
		840189781F46C5EE00945F1A /* WZLearnOpenGLWZUITests.xctest */ = {isa = PBXFileReference; explicitFileType = wrapper.cfbundle; includeInIndex = 0; path = WZLearnOpenGLWZUITests.xctest; sourceTree = BUILT_PRODUCTS_DIR; };
		8401897C1F46C5EE00945F1A /* WZLearnOpenGLWZUITests.m */ = {isa = PBXFileReference; lastKnownFileType = sourcecode.c.objc; path = WZLearnOpenGLWZUITests.m; sourceTree = "<group>"; };
		8401897E1F46C5EE00945F1A /* Info.plist */ = {isa = PBXFileReference; lastKnownFileType = text.plist.xml; path = Info.plist; sourceTree = "<group>"; };
/* End PBXFileReference section */

/* Begin PBXFrameworksBuildPhase section */
		840189511F46C5EE00945F1A /* Frameworks */ = {
			isa = PBXFrameworksBuildPhase;
			buildActionMask = 2147483647;
			files = (
			);
			runOnlyForDeploymentPostprocessing = 0;
		};
		8401896A1F46C5EE00945F1A /* Frameworks */ = {
			isa = PBXFrameworksBuildPhase;
			buildActionMask = 2147483647;
			files = (
			);
			runOnlyForDeploymentPostprocessing = 0;
		};
		840189751F46C5EE00945F1A /* Frameworks */ = {
			isa = PBXFrameworksBuildPhase;
			buildActionMask = 2147483647;
			files = (
			);
			runOnlyForDeploymentPostprocessing = 0;
		};
/* End PBXFrameworksBuildPhase section */

/* Begin PBXGroup section */
		8401894B1F46C5EE00945F1A = {
			isa = PBXGroup;
			children = (
				840189561F46C5EE00945F1A /* WZLearnOpenGLWZ */,
				840189701F46C5EE00945F1A /* WZLearnOpenGLWZTests */,
				8401897B1F46C5EE00945F1A /* WZLearnOpenGLWZUITests */,
				840189551F46C5EE00945F1A /* Products */,
			);
			sourceTree = "<group>";
		};
		840189551F46C5EE00945F1A /* Products */ = {
			isa = PBXGroup;
			children = (
				840189541F46C5EE00945F1A /* WZLearnOpenGLWZ.app */,
				8401896D1F46C5EE00945F1A /* WZLearnOpenGLWZTests.xctest */,
				840189781F46C5EE00945F1A /* WZLearnOpenGLWZUITests.xctest */,
			);
			name = Products;
			sourceTree = "<group>";
		};
		840189561F46C5EE00945F1A /* WZLearnOpenGLWZ */ = {
			isa = PBXGroup;
			children = (
				8401895A1F46C5EE00945F1A /* AppDelegate.h */,
				8401895B1F46C5EE00945F1A /* AppDelegate.m */,
				8401895D1F46C5EE00945F1A /* ViewController.h */,
				8401895E1F46C5EE00945F1A /* ViewController.m */,
				840189601F46C5EE00945F1A /* Main.storyboard */,
				840189631F46C5EE00945F1A /* Assets.xcassets */,
				840189651F46C5EE00945F1A /* LaunchScreen.storyboard */,
				840189681F46C5EE00945F1A /* Info.plist */,
				840189571F46C5EE00945F1A /* Supporting Files */,
			);
			path = WZLearnOpenGLWZ;
			sourceTree = "<group>";
		};
		840189571F46C5EE00945F1A /* Supporting Files */ = {
			isa = PBXGroup;
			children = (
				840189581F46C5EE00945F1A /* main.m */,
			);
			name = "Supporting Files";
			sourceTree = "<group>";
		};
		840189701F46C5EE00945F1A /* WZLearnOpenGLWZTests */ = {
			isa = PBXGroup;
			children = (
				840189711F46C5EE00945F1A /* WZLearnOpenGLWZTests.m */,
				840189731F46C5EE00945F1A /* Info.plist */,
			);
			path = WZLearnOpenGLWZTests;
			sourceTree = "<group>";
		};
		8401897B1F46C5EE00945F1A /* WZLearnOpenGLWZUITests */ = {
			isa = PBXGroup;
			children = (
				8401897C1F46C5EE00945F1A /* WZLearnOpenGLWZUITests.m */,
				8401897E1F46C5EE00945F1A /* Info.plist */,
			);
			path = WZLearnOpenGLWZUITests;
			sourceTree = "<group>";
		};
/* End PBXGroup section */

/* Begin PBXNativeTarget section */
		840189531F46C5EE00945F1A /* WZLearnOpenGLWZ */ = {
			isa = PBXNativeTarget;
			buildConfigurationList = 840189811F46C5EE00945F1A /* Build configuration list for PBXNativeTarget "WZLearnOpenGLWZ" */;
			buildPhases = (
				840189501F46C5EE00945F1A /* Sources */,
				840189511F46C5EE00945F1A /* Frameworks */,
				840189521F46C5EE00945F1A /* Resources */,
			);
			buildRules = (
			);
			dependencies = (
			);
			name = WZLearnOpenGLWZ;
			productName = WZLearnOpenGLWZ;
			productReference = 840189541F46C5EE00945F1A /* WZLearnOpenGLWZ.app */;
			productType = "com.apple.product-type.application";
		};
		8401896C1F46C5EE00945F1A /* WZLearnOpenGLWZTests */ = {
			isa = PBXNativeTarget;
			buildConfigurationList = 840189841F46C5EE00945F1A /* Build configuration list for PBXNativeTarget "WZLearnOpenGLWZTests" */;
			buildPhases = (
				840189691F46C5EE00945F1A /* Sources */,
				8401896A1F46C5EE00945F1A /* Frameworks */,
				8401896B1F46C5EE00945F1A /* Resources */,
			);
			buildRules = (
			);
			dependencies = (
				8401896F1F46C5EE00945F1A /* PBXTargetDependency */,
			);
			name = WZLearnOpenGLWZTests;
			productName = WZLearnOpenGLWZTests;
			productReference = 8401896D1F46C5EE00945F1A /* WZLearnOpenGLWZTests.xctest */;
			productType = "com.apple.product-type.bundle.unit-test";
		};
		840189771F46C5EE00945F1A /* WZLearnOpenGLWZUITests */ = {
			isa = PBXNativeTarget;
			buildConfigurationList = 840189871F46C5EE00945F1A /* Build configuration list for PBXNativeTarget "WZLearnOpenGLWZUITests" */;
			buildPhases = (
				840189741F46C5EE00945F1A /* Sources */,
				840189751F46C5EE00945F1A /* Frameworks */,
				840189761F46C5EE00945F1A /* Resources */,
			);
			buildRules = (
			);
			dependencies = (
				8401897A1F46C5EE00945F1A /* PBXTargetDependency */,
			);
			name = WZLearnOpenGLWZUITests;
			productName = WZLearnOpenGLWZUITests;
			productReference = 840189781F46C5EE00945F1A /* WZLearnOpenGLWZUITests.xctest */;
			productType = "com.apple.product-type.bundle.ui-testing";
		};
/* End PBXNativeTarget section */

/* Begin PBXProject section */
		8401894C1F46C5EE00945F1A /* Project object */ = {
			isa = PBXProject;
			attributes = {
				LastUpgradeCheck = 0820;
				ORGANIZATIONNAME = wizet;
				TargetAttributes = {
					840189531F46C5EE00945F1A = {
						CreatedOnToolsVersion = 8.2;
						DevelopmentTeam = 7MUPB6659U;
						ProvisioningStyle = Automatic;
					};
					8401896C1F46C5EE00945F1A = {
						CreatedOnToolsVersion = 8.2;
						ProvisioningStyle = Automatic;
						TestTargetID = 840189531F46C5EE00945F1A;
					};
					840189771F46C5EE00945F1A = {
						CreatedOnToolsVersion = 8.2;
						ProvisioningStyle = Automatic;
						TestTargetID = 840189531F46C5EE00945F1A;
					};
				};
			};
			buildConfigurationList = 8401894F1F46C5EE00945F1A /* Build configuration list for PBXProject "WZLearnOpenGLWZ" */;
			compatibilityVersion = "Xcode 3.2";
			developmentRegion = English;
			hasScannedForEncodings = 0;
			knownRegions = (
				en,
				Base,
			);
			mainGroup = 8401894B1F46C5EE00945F1A;
			productRefGroup = 840189551F46C5EE00945F1A /* Products */;
			projectDirPath = "";
			projectRoot = "";
			targets = (
				840189531F46C5EE00945F1A /* WZLearnOpenGLWZ */,
				8401896C1F46C5EE00945F1A /* WZLearnOpenGLWZTests */,
				840189771F46C5EE00945F1A /* WZLearnOpenGLWZUITests */,
			);
		};
/* End PBXProject section */

/* Begin PBXResourcesBuildPhase section */
		840189521F46C5EE00945F1A /* Resources */ = {
			isa = PBXResourcesBuildPhase;
			buildActionMask = 2147483647;
			files = (
				840189671F46C5EE00945F1A /* LaunchScreen.storyboard in Resources */,
				840189641F46C5EE00945F1A /* Assets.xcassets in Resources */,
				840189621F46C5EE00945F1A /* Main.storyboard in Resources */,
			);
			runOnlyForDeploymentPostprocessing = 0;
		};
		8401896B1F46C5EE00945F1A /* Resources */ = {
			isa = PBXResourcesBuildPhase;
			buildActionMask = 2147483647;
			files = (
			);
			runOnlyForDeploymentPostprocessing = 0;
		};
		840189761F46C5EE00945F1A /* Resources */ = {
			isa = PBXResourcesBuildPhase;
			buildActionMask = 2147483647;
			files = (
			);
			runOnlyForDeploymentPostprocessing = 0;
		};
/* End PBXResourcesBuildPhase section */

/* Begin PBXSourcesBuildPhase section */
		840189501F46C5EE00945F1A /* Sources */ = {
			isa = PBXSourcesBuildPhase;
			buildActionMask = 2147483647;
			files = (
				8401895F1F46C5EE00945F1A /* ViewController.m in Sources */,
				8401895C1F46C5EE00945F1A /* AppDelegate.m in Sources */,
				840189591F46C5EE00945F1A /* main.m in Sources */,
			);
			runOnlyForDeploymentPostprocessing = 0;
		};
		840189691F46C5EE00945F1A /* Sources */ = {
			isa = PBXSourcesBuildPhase;
			buildActionMask = 2147483647;
			files = (
				840189721F46C5EE00945F1A /* WZLearnOpenGLWZTests.m in Sources */,
			);
			runOnlyForDeploymentPostprocessing = 0;
		};
		840189741F46C5EE00945F1A /* Sources */ = {
			isa = PBXSourcesBuildPhase;
			buildActionMask = 2147483647;
			files = (
				8401897D1F46C5EE00945F1A /* WZLearnOpenGLWZUITests.m in Sources */,
			);
			runOnlyForDeploymentPostprocessing = 0;
		};
/* End PBXSourcesBuildPhase section */

/* Begin PBXTargetDependency section */
		8401896F1F46C5EE00945F1A /* PBXTargetDependency */ = {
			isa = PBXTargetDependency;
			target = 840189531F46C5EE00945F1A /* WZLearnOpenGLWZ */;
			targetProxy = 8401896E1F46C5EE00945F1A /* PBXContainerItemProxy */;
		};
		8401897A1F46C5EE00945F1A /* PBXTargetDependency */ = {
			isa = PBXTargetDependency;
			target = 840189531F46C5EE00945F1A /* WZLearnOpenGLWZ */;
			targetProxy = 840189791F46C5EE00945F1A /* PBXContainerItemProxy */;
		};
/* End PBXTargetDependency section */

/* Begin PBXVariantGroup section */
		840189601F46C5EE00945F1A /* Main.storyboard */ = {
			isa = PBXVariantGroup;
			children = (
				840189611F46C5EE00945F1A /* Base */,
			);
			name = Main.storyboard;
			sourceTree = "<group>";
		};
		840189651F46C5EE00945F1A /* LaunchScreen.storyboard */ = {
			isa = PBXVariantGroup;
			children = (
				840189661F46C5EE00945F1A /* Base */,
			);
			name = LaunchScreen.storyboard;
			sourceTree = "<group>";
		};
/* End PBXVariantGroup section */

/* Begin XCBuildConfiguration section */
		8401897F1F46C5EE00945F1A /* Debug */ = {
			isa = XCBuildConfiguration;
			buildSettings = {
				ALWAYS_SEARCH_USER_PATHS = NO;
				CLANG_ANALYZER_NONNULL = YES;
				CLANG_CXX_LANGUAGE_STANDARD = "gnu++0x";
				CLANG_CXX_LIBRARY = "libc++";
				CLANG_ENABLE_MODULES = YES;
				CLANG_ENABLE_OBJC_ARC = YES;
				CLANG_WARN_BOOL_CONVERSION = YES;
				CLANG_WARN_CONSTANT_CONVERSION = YES;
				CLANG_WARN_DIRECT_OBJC_ISA_USAGE = YES_ERROR;
				CLANG_WARN_DOCUMENTATION_COMMENTS = YES;
				CLANG_WARN_EMPTY_BODY = YES;
				CLANG_WARN_ENUM_CONVERSION = YES;
				CLANG_WARN_INFINITE_RECURSION = YES;
				CLANG_WARN_INT_CONVERSION = YES;
				CLANG_WARN_OBJC_ROOT_CLASS = YES_ERROR;
				CLANG_WARN_SUSPICIOUS_MOVE = YES;
				CLANG_WARN_UNREACHABLE_CODE = YES;
				CLANG_WARN__DUPLICATE_METHOD_MATCH = YES;
				"CODE_SIGN_IDENTITY[sdk=iphoneos*]" = "iPhone Developer";
				COPY_PHASE_STRIP = NO;
				DEBUG_INFORMATION_FORMAT = dwarf;
				ENABLE_STRICT_OBJC_MSGSEND = YES;
				ENABLE_TESTABILITY = YES;
				GCC_C_LANGUAGE_STANDARD = gnu99;
				GCC_DYNAMIC_NO_PIC = NO;
				GCC_NO_COMMON_BLOCKS = YES;
				GCC_OPTIMIZATION_LEVEL = 0;
				GCC_PREPROCESSOR_DEFINITIONS = (
					"DEBUG=1",
					"$(inherited)",
				);
				GCC_WARN_64_TO_32_BIT_CONVERSION = YES;
				GCC_WARN_ABOUT_RETURN_TYPE = YES_ERROR;
				GCC_WARN_UNDECLARED_SELECTOR = YES;
				GCC_WARN_UNINITIALIZED_AUTOS = YES_AGGRESSIVE;
				GCC_WARN_UNUSED_FUNCTION = YES;
				GCC_WARN_UNUSED_VARIABLE = YES;
				IPHONEOS_DEPLOYMENT_TARGET = 10.2;
				MTL_ENABLE_DEBUG_INFO = YES;
				ONLY_ACTIVE_ARCH = YES;
				SDKROOT = iphoneos;
			};
			name = Debug;
		};
		840189801F46C5EE00945F1A /* Release */ = {
			isa = XCBuildConfiguration;
			buildSettings = {
				ALWAYS_SEARCH_USER_PATHS = NO;
				CLANG_ANALYZER_NONNULL = YES;
				CLANG_CXX_LANGUAGE_STANDARD = "gnu++0x";
				CLANG_CXX_LIBRARY = "libc++";
				CLANG_ENABLE_MODULES = YES;
				CLANG_ENABLE_OBJC_ARC = YES;
				CLANG_WARN_BOOL_CONVERSION = YES;
				CLANG_WARN_CONSTANT_CONVERSION = YES;
				CLANG_WARN_DIRECT_OBJC_ISA_USAGE = YES_ERROR;
				CLANG_WARN_DOCUMENTATION_COMMENTS = YES;
				CLANG_WARN_EMPTY_BODY = YES;
				CLANG_WARN_ENUM_CONVERSION = YES;
				CLANG_WARN_INFINITE_RECURSION = YES;
				CLANG_WARN_INT_CONVERSION = YES;
				CLANG_WARN_OBJC_ROOT_CLASS = YES_ERROR;
				CLANG_WARN_SUSPICIOUS_MOVE = YES;
				CLANG_WARN_UNREACHABLE_CODE = YES;
				CLANG_WARN__DUPLICATE_METHOD_MATCH = YES;
				"CODE_SIGN_IDENTITY[sdk=iphoneos*]" = "iPhone Developer";
				COPY_PHASE_STRIP = NO;
				DEBUG_INFORMATION_FORMAT = "dwarf-with-dsym";
				ENABLE_NS_ASSERTIONS = NO;
				ENABLE_STRICT_OBJC_MSGSEND = YES;
				GCC_C_LANGUAGE_STANDARD = gnu99;
				GCC_NO_COMMON_BLOCKS = YES;
				GCC_WARN_64_TO_32_BIT_CONVERSION = YES;
				GCC_WARN_ABOUT_RETURN_TYPE = YES_ERROR;
				GCC_WARN_UNDECLARED_SELECTOR = YES;
				GCC_WARN_UNINITIALIZED_AUTOS = YES_AGGRESSIVE;
				GCC_WARN_UNUSED_FUNCTION = YES;
				GCC_WARN_UNUSED_VARIABLE = YES;
				IPHONEOS_DEPLOYMENT_TARGET = 10.2;
				MTL_ENABLE_DEBUG_INFO = NO;
				SDKROOT = iphoneos;
				VALIDATE_PRODUCT = YES;
			};
			name = Release;
		};
		840189821F46C5EE00945F1A /* Debug */ = {
			isa = XCBuildConfiguration;
			buildSettings = {
				ASSETCATALOG_COMPILER_APPICON_NAME = AppIcon;
				DEVELOPMENT_TEAM = 7MUPB6659U;
				INFOPLIST_FILE = WZLearnOpenGLWZ/Info.plist;
				IPHONEOS_DEPLOYMENT_TARGET = 8.0;
				LD_RUNPATH_SEARCH_PATHS = "$(inherited) @executable_path/Frameworks";
				PRODUCT_BUNDLE_IDENTIFIER = wizet.learn;
				PRODUCT_NAME = "$(TARGET_NAME)";
				TARGETED_DEVICE_FAMILY = 1;
			};
			name = Debug;
		};
		840189831F46C5EE00945F1A /* Release */ = {
			isa = XCBuildConfiguration;
			buildSettings = {
				ASSETCATALOG_COMPILER_APPICON_NAME = AppIcon;
				DEVELOPMENT_TEAM = 7MUPB6659U;
				INFOPLIST_FILE = WZLearnOpenGLWZ/Info.plist;
				IPHONEOS_DEPLOYMENT_TARGET = 8.0;
				LD_RUNPATH_SEARCH_PATHS = "$(inherited) @executable_path/Frameworks";
				PRODUCT_BUNDLE_IDENTIFIER = wizet.learn;
				PRODUCT_NAME = "$(TARGET_NAME)";
				TARGETED_DEVICE_FAMILY = 1;
			};
			name = Release;
		};
		840189851F46C5EE00945F1A /* Debug */ = {
			isa = XCBuildConfiguration;
			buildSettings = {
				BUNDLE_LOADER = "$(TEST_HOST)";
				INFOPLIST_FILE = WZLearnOpenGLWZTests/Info.plist;
				LD_RUNPATH_SEARCH_PATHS = "$(inherited) @executable_path/Frameworks @loader_path/Frameworks";
				PRODUCT_BUNDLE_IDENTIFIER = wizet.learn.WZLearnOpenGLWZTests;
				PRODUCT_NAME = "$(TARGET_NAME)";
				TEST_HOST = "$(BUILT_PRODUCTS_DIR)/WZLearnOpenGLWZ.app/WZLearnOpenGLWZ";
			};
			name = Debug;
		};
		840189861F46C5EE00945F1A /* Release */ = {
			isa = XCBuildConfiguration;
			buildSettings = {
				BUNDLE_LOADER = "$(TEST_HOST)";
				INFOPLIST_FILE = WZLearnOpenGLWZTests/Info.plist;
				LD_RUNPATH_SEARCH_PATHS = "$(inherited) @executable_path/Frameworks @loader_path/Frameworks";
				PRODUCT_BUNDLE_IDENTIFIER = wizet.learn.WZLearnOpenGLWZTests;
				PRODUCT_NAME = "$(TARGET_NAME)";
				TEST_HOST = "$(BUILT_PRODUCTS_DIR)/WZLearnOpenGLWZ.app/WZLearnOpenGLWZ";
			};
			name = Release;
		};
		840189881F46C5EE00945F1A /* Debug */ = {
			isa = XCBuildConfiguration;
			buildSettings = {
				INFOPLIST_FILE = WZLearnOpenGLWZUITests/Info.plist;
				LD_RUNPATH_SEARCH_PATHS = "$(inherited) @executable_path/Frameworks @loader_path/Frameworks";
				PRODUCT_BUNDLE_IDENTIFIER = wizet.learn.WZLearnOpenGLWZUITests;
				PRODUCT_NAME = "$(TARGET_NAME)";
				TEST_TARGET_NAME = WZLearnOpenGLWZ;
			};
			name = Debug;
		};
		840189891F46C5EE00945F1A /* Release */ = {
			isa = XCBuildConfiguration;
			buildSettings = {
				INFOPLIST_FILE = WZLearnOpenGLWZUITests/Info.plist;
				LD_RUNPATH_SEARCH_PATHS = "$(inherited) @executable_path/Frameworks @loader_path/Frameworks";
				PRODUCT_BUNDLE_IDENTIFIER = wizet.learn.WZLearnOpenGLWZUITests;
				PRODUCT_NAME = "$(TARGET_NAME)";
				TEST_TARGET_NAME = WZLearnOpenGLWZ;
			};
			name = Release;
		};
/* End XCBuildConfiguration section */

/* Begin XCConfigurationList section */
		8401894F1F46C5EE00945F1A /* Build configuration list for PBXProject "WZLearnOpenGLWZ" */ = {
			isa = XCConfigurationList;
			buildConfigurations = (
				8401897F1F46C5EE00945F1A /* Debug */,
				840189801F46C5EE00945F1A /* Release */,
			);
			defaultConfigurationIsVisible = 0;
			defaultConfigurationName = Release;
		};
		840189811F46C5EE00945F1A /* Build configuration list for PBXNativeTarget "WZLearnOpenGLWZ" */ = {
			isa = XCConfigurationList;
			buildConfigurations = (
				840189821F46C5EE00945F1A /* Debug */,
				840189831F46C5EE00945F1A /* Release */,
			);
			defaultConfigurationIsVisible = 0;
			defaultConfigurationName = Release;
		};
		840189841F46C5EE00945F1A /* Build configuration list for PBXNativeTarget "WZLearnOpenGLWZTests" */ = {
			isa = XCConfigurationList;
			buildConfigurations = (
				840189851F46C5EE00945F1A /* Debug */,
				840189861F46C5EE00945F1A /* Release */,
			);
			defaultConfigurationIsVisible = 0;
			defaultConfigurationName = Release;
		};
		840189871F46C5EE00945F1A /* Build configuration list for PBXNativeTarget "WZLearnOpenGLWZUITests" */ = {
			isa = XCConfigurationList;
			buildConfigurations = (
				840189881F46C5EE00945F1A /* Debug */,
				840189891F46C5EE00945F1A /* Release */,
			);
			defaultConfigurationIsVisible = 0;
			defaultConfigurationName = Release;
		};
/* End XCConfigurationList section */
	};
	rootObject = 8401894C1F46C5EE00945F1A /* Project object */;
}
